{
  "originHash" : "4c5c4f3f1ba2c8114196b8d4105deb48557cdcf732dfe053777315cd05643b2e",
  "pins" : [
    {
      "identity" : "docscanner",
      "kind" : "remoteSourceControl",
      "location" : "https://github.com/lukacs-m/DocScanner",
      "state" : {
        "branch" : "main",
        "revision" : "e1a1216ae4f9e38793ab2dbe21035fd46749a8c3"
      }
    },
    {
      "identity" : "factory",
      "kind" : "remoteSourceControl",
      "location" : "https://github.com/hmlongco/Factory",
      "state" : {
        "revision" : "fb04a8918848e413d3921d346a23bae7f81088d9",
        "version" : "2.4.3"
      }
    },
    {
      "identity" : "sentry-cocoa",
      "kind" : "remoteSourceControl",
      "location" : "https://github.com/getsentry/sentry-cocoa.git",
      "state" : {
        "revision" : "0c34e4da899a1dd9183db04082d1ceb6e9c2b301",
        "version" : "8.44.0"
      }
    },
    {
      "identity" : "simplypersist",
      "kind" : "remoteSourceControl",
      "location" : "https://github.com/lukacs-m/SimplyPersist",
      "state" : {
        "branch" : "main",
        "revision" : "ef2acb4054bdfd982ceb1b74e1752b01cf066332"
      }
    },
    {
      "identity" : "swift-spyable",
      "kind" : "remoteSourceControl",
      "location" : "https://github.com/Matejkob/swift-spyable",
      "state" : {
        "revision" : "f6b90c803e1f4c989ede0a75e8e456fd41dcf27f",
        "version" : "0.8.0"
      }
    },
    {
      "identity" : "swift-syntax",
      "kind" : "remoteSourceControl",
      "location" : "https://github.com/swiftlang/swift-syntax",
      "state" : {
        "revision" : "0687f71944021d616d34d922343dcef086855920",
        "version" : "600.0.1"
      }
    }
  ],
  "version" : 3
}
