// !$*UTF8*$!
{
	archiveVersion = 1;
	classes = {
	};
	objectVersion = 77;
	objects = {

/* Begin PBXBuildFile section */
		5B5E0C992D5618E500E7BCD4 /* Macro in Frameworks */ = {isa = PBXBuildFile; productRef = 5B5E0C982D5618E500E7BCD4 /* Macro */; };
		5B5E0C9C2D5618FC00E7BCD4 /* AuthenticatorRustCore in Frameworks */ = {isa = PBXBuildFile; productRef = 5B5E0C9B2D5618FC00E7BCD4 /* AuthenticatorRustCore */; };
		5B5E0D552D5A332D00E7BCD4 /* Sentry in Frameworks */ = {isa = PBXBuildFile; productRef = 5B5E0D542D5A332D00E7BCD4 /* Sentry */; };
		5B5E0D572D5A332D00E7BCD4 /* SentrySwiftUI in Frameworks */ = {isa = PBXBuildFile; productRef = 5B5E0D562D5A332D00E7BCD4 /* SentrySwiftUI */; };
		5B5E0D5E2D5A38DD00E7BCD4 /* AuthenticationServices.framework in Frameworks */ = {isa = PBXBuildFile; fileRef = 5B5E0D5D2D5A38DD00E7BCD4 /* AuthenticationServices.framework */; };
		5B5E0F7A2D6F6D5A00E7BCD4 /* CommonUtilities in Frameworks */ = {isa = PBXBuildFile; productRef = 5B5E0F792D6F6D5A00E7BCD4 /* CommonUtilities */; };
		5B710DE02DE9DEEA00389C0B /* FactoryKit in Frameworks */ = {isa = PBXBuildFile; productRef = 5B710DDF2DE9DEEA00389C0B /* FactoryKit */; };
		5B8765702D527F9C00B4CC30 /* DataLayer in Frameworks */ = {isa = PBXBuildFile; productRef = 5B87656F2D527F9C00B4CC30 /* DataLayer */; };
		5B8765722D527F9C00B4CC30 /* DomainLayer in Frameworks */ = {isa = PBXBuildFile; productRef = 5B8765712D527F9C00B4CC30 /* DomainLayer */; };
		5B8765742D527F9C00B4CC30 /* Models in Frameworks */ = {isa = PBXBuildFile; productRef = 5B8765732D527F9C00B4CC30 /* Models */; };
		5B8765762D527F9C00B4CC30 /* PresentationLayer in Frameworks */ = {isa = PBXBuildFile; productRef = 5B8765752D527F9C00B4CC30 /* PresentationLayer */; };
		5B9AD5D02E358A9C000FC006 /* Macro in Frameworks */ = {isa = PBXBuildFile; productRef = 5B9AD5CF2E358A9C000FC006 /* Macro */; };
		5B9AD63B2E37C096000FC006 /* KeychainAccess in Frameworks */ = {isa = PBXBuildFile; productRef = 5B9AD63A2E37C096000FC006 /* KeychainAccess */; };
		5BF5101F2E3261A30025E5D2 /* WatchAuthenticator Watch App.app in Embed Watch Content */ = {isa = PBXBuildFile; fileRef = 5BF50FFF2E3261A10025E5D2 /* WatchAuthenticator Watch App.app */; settings = {ATTRIBUTES = (RemoveHeadersOnCopy, ); }; };
		5BF510362E3275810025E5D2 /* FactoryKit in Frameworks */ = {isa = PBXBuildFile; productRef = 5BF510352E3275810025E5D2 /* FactoryKit */; };
		5BF510382E32758C0025E5D2 /* Models in Frameworks */ = {isa = PBXBuildFile; productRef = 5BF510372E32758C0025E5D2 /* Models */; };
		5BF511BA2E337CD50025E5D2 /* WatchConnectivity.framework in Frameworks */ = {isa = PBXBuildFile; fileRef = 5BF511B92E337CD50025E5D2 /* WatchConnectivity.framework */; platformFilters = (ios, xros, ); };
		5BF511BC2E337CE00025E5D2 /* WatchConnectivity.framework in Frameworks */ = {isa = PBXBuildFile; fileRef = 5BF511BB2E337CE00025E5D2 /* WatchConnectivity.framework */; };
		5BF511BE2E337D0C0025E5D2 /* CommonUtilities in Frameworks */ = {isa = PBXBuildFile; productRef = 5BF511BD2E337D0C0025E5D2 /* CommonUtilities */; };
		5BF5125B2E337FF50025E5D2 /* OneTimePassword in Frameworks */ = {isa = PBXBuildFile; productRef = 5BF5125A2E337FF50025E5D2 /* OneTimePassword */; };
		5BF5125E2E33801D0025E5D2 /* SimplyPersist in Frameworks */ = {isa = PBXBuildFile; productRef = 5BF5125D2E33801D0025E5D2 /* SimplyPersist */; };
		5BF512612E3380540025E5D2 /* SimpleToast in Frameworks */ = {isa = PBXBuildFile; productRef = 5BF512602E3380540025E5D2 /* SimpleToast */; };
		5BF607E12D79FDB900904FC8 /* CloudKit.framework in Frameworks */ = {isa = PBXBuildFile; fileRef = 5BF607E02D79FDB900904FC8 /* CloudKit.framework */; };
/* End PBXBuildFile section */

/* Begin PBXContainerItemProxy section */
		5B87652C2D52539E00B4CC30 /* PBXContainerItemProxy */ = {
			isa = PBXContainerItemProxy;
			containerPortal = 5B87650F2D52539D00B4CC30 /* Project object */;
			proxyType = 1;
			remoteGlobalIDString = 5B8765162D52539D00B4CC30;
			remoteInfo = Authenticator;
		};
		5B8765362D52539E00B4CC30 /* PBXContainerItemProxy */ = {
			isa = PBXContainerItemProxy;
			containerPortal = 5B87650F2D52539D00B4CC30 /* Project object */;
			proxyType = 1;
			remoteGlobalIDString = 5B8765162D52539D00B4CC30;
			remoteInfo = Authenticator;
		};
		5BF5100C2E3261A30025E5D2 /* PBXContainerItemProxy */ = {
			isa = PBXContainerItemProxy;
			containerPortal = 5B87650F2D52539D00B4CC30 /* Project object */;
			proxyType = 1;
			remoteGlobalIDString = 5BF50FFE2E3261A10025E5D2;
			remoteInfo = "WatchAuthenticator Watch App";
		};
		5BF510162E3261A30025E5D2 /* PBXContainerItemProxy */ = {
			isa = PBXContainerItemProxy;
			containerPortal = 5B87650F2D52539D00B4CC30 /* Project object */;
			proxyType = 1;
			remoteGlobalIDString = 5BF50FFE2E3261A10025E5D2;
			remoteInfo = "WatchAuthenticator Watch App";
		};
		5BF5101D2E3261A30025E5D2 /* PBXContainerItemProxy */ = {
			isa = PBXContainerItemProxy;
			containerPortal = 5B87650F2D52539D00B4CC30 /* Project object */;
			proxyType = 1;
			remoteGlobalIDString = 5BF50FFE2E3261A10025E5D2;
			remoteInfo = "WatchAuthenticator Watch App";
		};
/* End PBXContainerItemProxy section */

/* Begin PBXCopyFilesBuildPhase section */
		5BF510202E3261A30025E5D2 /* Embed Watch Content */ = {
			isa = PBXCopyFilesBuildPhase;
			buildActionMask = 2147483647;
			dstPath = "$(CONTENTS_FOLDER_PATH)/Watch";
			dstSubfolderSpec = 16;
			files = (
				5BF5101F2E3261A30025E5D2 /* WatchAuthenticator Watch App.app in Embed Watch Content */,
			);
			name = "Embed Watch Content";
			runOnlyForDeploymentPostprocessing = 0;
		};
/* End PBXCopyFilesBuildPhase section */

/* Begin PBXFileReference section */
		5B5E0C5C2D5612D400E7BCD4 /* Macro */ = {isa = PBXFileReference; lastKnownFileType = wrapper; name = Macro; path = LocalPackages/Macro; sourceTree = "<group>"; };
		5B5E0C9A2D5618F600E7BCD4 /* AuthenticatorRustCore */ = {isa = PBXFileReference; lastKnownFileType = wrapper; name = AuthenticatorRustCore; path = LocalPackages/AuthenticatorRustCore; sourceTree = "<group>"; };
		5B5E0D5C2D5A38DD00E7BCD4 /* Autofill.appex */ = {isa = PBXFileReference; explicitFileType = "wrapper.app-extension"; includeInIndex = 0; path = Autofill.appex; sourceTree = BUILT_PRODUCTS_DIR; };
		5B5E0D5D2D5A38DD00E7BCD4 /* AuthenticationServices.framework */ = {isa = PBXFileReference; lastKnownFileType = wrapper.framework; name = AuthenticationServices.framework; path = System/Library/Frameworks/AuthenticationServices.framework; sourceTree = SDKROOT; };
		5B5E0DC22D5A50EB00E7BCD4 /* CommonUtilities */ = {isa = PBXFileReference; lastKnownFileType = wrapper; name = CommonUtilities; path = LocalPackages/CommonUtilities; sourceTree = "<group>"; };
		5B8765172D52539D00B4CC30 /* Authenticator.app */ = {isa = PBXFileReference; explicitFileType = wrapper.application; includeInIndex = 0; path = Authenticator.app; sourceTree = BUILT_PRODUCTS_DIR; };
		5B87652B2D52539E00B4CC30 /* AuthenticatorTests.xctest */ = {isa = PBXFileReference; explicitFileType = wrapper.cfbundle; includeInIndex = 0; path = AuthenticatorTests.xctest; sourceTree = BUILT_PRODUCTS_DIR; };
		5B8765352D52539E00B4CC30 /* AuthenticatorUITests.xctest */ = {isa = PBXFileReference; explicitFileType = wrapper.cfbundle; includeInIndex = 0; path = AuthenticatorUITests.xctest; sourceTree = BUILT_PRODUCTS_DIR; };
		5B87656A2D527F8700B4CC30 /* DataLayer */ = {isa = PBXFileReference; lastKnownFileType = wrapper; name = DataLayer; path = LocalPackages/DataLayer; sourceTree = "<group>"; };
		5B87656B2D527F8700B4CC30 /* DomainLayer */ = {isa = PBXFileReference; lastKnownFileType = wrapper; name = DomainLayer; path = LocalPackages/DomainLayer; sourceTree = "<group>"; };
		5B87656C2D527F8700B4CC30 /* Models */ = {isa = PBXFileReference; lastKnownFileType = wrapper; name = Models; path = LocalPackages/Models; sourceTree = "<group>"; };
		5B87656D2D527F8700B4CC30 /* PresentationLayer */ = {isa = PBXFileReference; lastKnownFileType = wrapper; name = PresentationLayer; path = LocalPackages/PresentationLayer; sourceTree = "<group>"; };
		5BF50FFF2E3261A10025E5D2 /* WatchAuthenticator Watch App.app */ = {isa = PBXFileReference; explicitFileType = wrapper.application; includeInIndex = 0; path = "WatchAuthenticator Watch App.app"; sourceTree = BUILT_PRODUCTS_DIR; };
		5BF5100B2E3261A30025E5D2 /* WatchAuthenticator Watch AppTests.xctest */ = {isa = PBXFileReference; explicitFileType = wrapper.cfbundle; includeInIndex = 0; path = "WatchAuthenticator Watch AppTests.xctest"; sourceTree = BUILT_PRODUCTS_DIR; };
		5BF510152E3261A30025E5D2 /* WatchAuthenticator Watch AppUITests.xctest */ = {isa = PBXFileReference; explicitFileType = wrapper.cfbundle; includeInIndex = 0; path = "WatchAuthenticator Watch AppUITests.xctest"; sourceTree = BUILT_PRODUCTS_DIR; };
		5BF511B92E337CD50025E5D2 /* WatchConnectivity.framework */ = {isa = PBXFileReference; lastKnownFileType = wrapper.framework; name = WatchConnectivity.framework; path = Platforms/iPhoneOS.platform/Developer/SDKs/iPhoneOS18.5.sdk/System/Library/Frameworks/WatchConnectivity.framework; sourceTree = DEVELOPER_DIR; };
		5BF511BB2E337CE00025E5D2 /* WatchConnectivity.framework */ = {isa = PBXFileReference; lastKnownFileType = wrapper.framework; name = WatchConnectivity.framework; path = Platforms/WatchOS.platform/Developer/SDKs/WatchOS11.5.sdk/System/Library/Frameworks/WatchConnectivity.framework; sourceTree = DEVELOPER_DIR; };
		5BF607E02D79FDB900904FC8 /* CloudKit.framework */ = {isa = PBXFileReference; lastKnownFileType = wrapper.framework; name = CloudKit.framework; path = Platforms/iPhoneOS.platform/Developer/SDKs/iPhoneOS18.2.sdk/System/Library/Frameworks/CloudKit.framework; sourceTree = DEVELOPER_DIR; };
/* End PBXFileReference section */

/* Begin PBXFileSystemSynchronizedBuildFileExceptionSet section */
		5B5E0D6E2D5A38DD00E7BCD4 /* Exceptions for "Autofill" folder in "Autofill" target */ = {
			isa = PBXFileSystemSynchronizedBuildFileExceptionSet;
			membershipExceptions = (
				Info.plist,
			);
			target = 5B5E0D5B2D5A38DD00E7BCD4 /* Autofill */;
		};
		5B87653D2D52539E00B4CC30 /* Exceptions for "Authenticator" folder in "Authenticator" target */ = {
			isa = PBXFileSystemSynchronizedBuildFileExceptionSet;
			membershipExceptions = (
				App/BuildConfigs/Debug.xcconfig,
				"App/BuildConfigs/Release-QA.xcconfig",
				App/BuildConfigs/Release.xcconfig,
				App/Info.plist,
				"App/Settings Bundles/QA/Settings.bundle",
				"App/Settings Bundles/Regular/Settings.bundle",
			);
			target = 5B8765162D52539D00B4CC30 /* Authenticator */;
		};
/* End PBXFileSystemSynchronizedBuildFileExceptionSet section */

/* Begin PBXFileSystemSynchronizedRootGroup section */
		5B5E0D5F2D5A38DD00E7BCD4 /* Autofill */ = {
			isa = PBXFileSystemSynchronizedRootGroup;
			exceptions = (
				5B5E0D6E2D5A38DD00E7BCD4 /* Exceptions for "Autofill" folder in "Autofill" target */,
			);
			path = Autofill;
			sourceTree = "<group>";
		};
		5B5E0F512D6F3C6A00E7BCD4 /* TestPlan */ = {
			isa = PBXFileSystemSynchronizedRootGroup;
			path = TestPlan;
			sourceTree = "<group>";
		};
		5B8765192D52539D00B4CC30 /* Authenticator */ = {
			isa = PBXFileSystemSynchronizedRootGroup;
			exceptions = (
				5B87653D2D52539E00B4CC30 /* Exceptions for "Authenticator" folder in "Authenticator" target */,
			);
			path = Authenticator;
			sourceTree = "<group>";
		};
		5B87652E2D52539E00B4CC30 /* AuthenticatorTests */ = {
			isa = PBXFileSystemSynchronizedRootGroup;
			path = AuthenticatorTests;
			sourceTree = "<group>";
		};
		5B8765382D52539E00B4CC30 /* AuthenticatorUITests */ = {
			isa = PBXFileSystemSynchronizedRootGroup;
			path = AuthenticatorUITests;
			sourceTree = "<group>";
		};
		5BF510002E3261A10025E5D2 /* WatchAuthenticator Watch App */ = {
			isa = PBXFileSystemSynchronizedRootGroup;
			path = "WatchAuthenticator Watch App";
			sourceTree = "<group>";
		};
		5BF5100E2E3261A30025E5D2 /* WatchAuthenticator Watch AppTests */ = {
			isa = PBXFileSystemSynchronizedRootGroup;
			path = "WatchAuthenticator Watch AppTests";
			sourceTree = "<group>";
		};
		5BF510182E3261A30025E5D2 /* WatchAuthenticator Watch AppUITests */ = {
			isa = PBXFileSystemSynchronizedRootGroup;
			path = "WatchAuthenticator Watch AppUITests";
			sourceTree = "<group>";
		};
/* End PBXFileSystemSynchronizedRootGroup section */

/* Begin PBXFrameworksBuildPhase section */
		5B5E0D592D5A38DD00E7BCD4 /* Frameworks */ = {
			isa = PBXFrameworksBuildPhase;
			buildActionMask = 2147483647;
			files = (
				5B5E0D5E2D5A38DD00E7BCD4 /* AuthenticationServices.framework in Frameworks */,
			);
			runOnlyForDeploymentPostprocessing = 0;
		};
		5B8765142D52539D00B4CC30 /* Frameworks */ = {
			isa = PBXFrameworksBuildPhase;
			buildActionMask = 2147483647;
			files = (
				5B8765742D527F9C00B4CC30 /* Models in Frameworks */,
				5B5E0D572D5A332D00E7BCD4 /* SentrySwiftUI in Frameworks */,
				5B8765722D527F9C00B4CC30 /* DomainLayer in Frameworks */,
				5B5E0F7A2D6F6D5A00E7BCD4 /* CommonUtilities in Frameworks */,
				5B5E0D552D5A332D00E7BCD4 /* Sentry in Frameworks */,
				5BF511BA2E337CD50025E5D2 /* WatchConnectivity.framework in Frameworks */,
				5B5E0C992D5618E500E7BCD4 /* Macro in Frameworks */,
				5BF607E12D79FDB900904FC8 /* CloudKit.framework in Frameworks */,
				5B8765762D527F9C00B4CC30 /* PresentationLayer in Frameworks */,
				5B710DE02DE9DEEA00389C0B /* FactoryKit in Frameworks */,
				5B8765702D527F9C00B4CC30 /* DataLayer in Frameworks */,
				5B5E0C9C2D5618FC00E7BCD4 /* AuthenticatorRustCore in Frameworks */,
			);
			runOnlyForDeploymentPostprocessing = 0;
		};
		5B8765282D52539E00B4CC30 /* Frameworks */ = {
			isa = PBXFrameworksBuildPhase;
			buildActionMask = 2147483647;
			files = (
			);
			runOnlyForDeploymentPostprocessing = 0;
		};
		5B8765322D52539E00B4CC30 /* Frameworks */ = {
			isa = PBXFrameworksBuildPhase;
			buildActionMask = 2147483647;
			files = (
			);
			runOnlyForDeploymentPostprocessing = 0;
		};
		5BF50FFC2E3261A10025E5D2 /* Frameworks */ = {
			isa = PBXFrameworksBuildPhase;
			buildActionMask = 2147483647;
			files = (
				5BF510382E32758C0025E5D2 /* Models in Frameworks */,
				5BF5125E2E33801D0025E5D2 /* SimplyPersist in Frameworks */,
				5B9AD63B2E37C096000FC006 /* KeychainAccess in Frameworks */,
				5BF511BC2E337CE00025E5D2 /* WatchConnectivity.framework in Frameworks */,
				5BF5125B2E337FF50025E5D2 /* OneTimePassword in Frameworks */,
				5BF510362E3275810025E5D2 /* FactoryKit in Frameworks */,
				5BF512612E3380540025E5D2 /* SimpleToast in Frameworks */,
				5BF511BE2E337D0C0025E5D2 /* CommonUtilities in Frameworks */,
				5B9AD5D02E358A9C000FC006 /* Macro in Frameworks */,
			);
			runOnlyForDeploymentPostprocessing = 0;
		};
		5BF510082E3261A30025E5D2 /* Frameworks */ = {
			isa = PBXFrameworksBuildPhase;
			buildActionMask = 2147483647;
			files = (
			);
			runOnlyForDeploymentPostprocessing = 0;
		};
		5BF510122E3261A30025E5D2 /* Frameworks */ = {
			isa = PBXFrameworksBuildPhase;
			buildActionMask = 2147483647;
			files = (
			);
			runOnlyForDeploymentPostprocessing = 0;
		};
/* End PBXFrameworksBuildPhase section */

/* Begin PBXGroup section */
		5B87650E2D52539D00B4CC30 = {
			isa = PBXGroup;
			children = (
				5B8765192D52539D00B4CC30 /* Authenticator */,
				5B87652E2D52539E00B4CC30 /* AuthenticatorTests */,
				5B8765382D52539E00B4CC30 /* AuthenticatorUITests */,
				5B5E0D5F2D5A38DD00E7BCD4 /* Autofill */,
				5B5E0C9A2D5618F600E7BCD4 /* AuthenticatorRustCore */,
				5B5E0DC22D5A50EB00E7BCD4 /* CommonUtilities */,
				5B87656A2D527F8700B4CC30 /* DataLayer */,
				5B87656B2D527F8700B4CC30 /* DomainLayer */,
				5B87656C2D527F8700B4CC30 /* Models */,
				5B87656D2D527F8700B4CC30 /* PresentationLayer */,
				5B5E0C5C2D5612D400E7BCD4 /* Macro */,
				5B5E0F512D6F3C6A00E7BCD4 /* TestPlan */,
				5BF510002E3261A10025E5D2 /* WatchAuthenticator Watch App */,
				5BF5100E2E3261A30025E5D2 /* WatchAuthenticator Watch AppTests */,
				5BF510182E3261A30025E5D2 /* WatchAuthenticator Watch AppUITests */,
				5B87656E2D527F9C00B4CC30 /* Frameworks */,
				5B8765182D52539D00B4CC30 /* Products */,
			);
			sourceTree = "<group>";
		};
		5B8765182D52539D00B4CC30 /* Products */ = {
			isa = PBXGroup;
			children = (
				5B8765172D52539D00B4CC30 /* Authenticator.app */,
				5B87652B2D52539E00B4CC30 /* AuthenticatorTests.xctest */,
				5B8765352D52539E00B4CC30 /* AuthenticatorUITests.xctest */,
				5B5E0D5C2D5A38DD00E7BCD4 /* Autofill.appex */,
				5BF50FFF2E3261A10025E5D2 /* WatchAuthenticator Watch App.app */,
				5BF5100B2E3261A30025E5D2 /* WatchAuthenticator Watch AppTests.xctest */,
				5BF510152E3261A30025E5D2 /* WatchAuthenticator Watch AppUITests.xctest */,
			);
			name = Products;
			sourceTree = "<group>";
		};
		5B87656E2D527F9C00B4CC30 /* Frameworks */ = {
			isa = PBXGroup;
			children = (
				5BF511B92E337CD50025E5D2 /* WatchConnectivity.framework */,
				5BF511BB2E337CE00025E5D2 /* WatchConnectivity.framework */,
				5BF607E02D79FDB900904FC8 /* CloudKit.framework */,
				5B5E0D5D2D5A38DD00E7BCD4 /* AuthenticationServices.framework */,
			);
			name = Frameworks;
			sourceTree = "<group>";
		};
/* End PBXGroup section */

/* Begin PBXNativeTarget section */
		5B5E0D5B2D5A38DD00E7BCD4 /* Autofill */ = {
			isa = PBXNativeTarget;
			buildConfigurationList = 5B5E0D6A2D5A38DD00E7BCD4 /* Build configuration list for PBXNativeTarget "Autofill" */;
			buildPhases = (
				5B5E0D582D5A38DD00E7BCD4 /* Sources */,
				5B5E0D592D5A38DD00E7BCD4 /* Frameworks */,
				5B5E0D5A2D5A38DD00E7BCD4 /* Resources */,
			);
			buildRules = (
			);
			dependencies = (
			);
			fileSystemSynchronizedGroups = (
				5B5E0D5F2D5A38DD00E7BCD4 /* Autofill */,
			);
			name = Autofill;
			productName = Autofill;
			productReference = 5B5E0D5C2D5A38DD00E7BCD4 /* Autofill.appex */;
			productType = "com.apple.product-type.app-extension";
		};
		5B8765162D52539D00B4CC30 /* Authenticator */ = {
			isa = PBXNativeTarget;
			buildConfigurationList = 5B87653E2D52539E00B4CC30 /* Build configuration list for PBXNativeTarget "Authenticator" */;
			buildPhases = (
				5B87655D2D527A0800B4CC30 /* Swiftformat */,
				5B8765132D52539D00B4CC30 /* Sources */,
				5B8765142D52539D00B4CC30 /* Frameworks */,
				5B8765152D52539D00B4CC30 /* Resources */,
				5B87655E2D527A4600B4CC30 /* Swiftlint */,
				53D16E4E2D8D720500B33441 /* Copy appropriate Settings.bundle base on configuration */,
				5BF510202E3261A30025E5D2 /* Embed Watch Content */,
			);
			buildRules = (
			);
			dependencies = (
				5BF5101E2E3261A30025E5D2 /* PBXTargetDependency */,
			);
			fileSystemSynchronizedGroups = (
				5B8765192D52539D00B4CC30 /* Authenticator */,
			);
			name = Authenticator;
			packageProductDependencies = (
				5B87656F2D527F9C00B4CC30 /* DataLayer */,
				5B8765712D527F9C00B4CC30 /* DomainLayer */,
				5B8765732D527F9C00B4CC30 /* Models */,
				5B8765752D527F9C00B4CC30 /* PresentationLayer */,
				5B5E0C982D5618E500E7BCD4 /* Macro */,
				5B5E0C9B2D5618FC00E7BCD4 /* AuthenticatorRustCore */,
				5B5E0D542D5A332D00E7BCD4 /* Sentry */,
				5B5E0D562D5A332D00E7BCD4 /* SentrySwiftUI */,
				5B5E0F792D6F6D5A00E7BCD4 /* CommonUtilities */,
				5B710DDF2DE9DEEA00389C0B /* FactoryKit */,
			);
			productName = Authenticator;
			productReference = 5B8765172D52539D00B4CC30 /* Authenticator.app */;
			productType = "com.apple.product-type.application";
		};
		5B87652A2D52539E00B4CC30 /* AuthenticatorTests */ = {
			isa = PBXNativeTarget;
			buildConfigurationList = 5B8765432D52539E00B4CC30 /* Build configuration list for PBXNativeTarget "AuthenticatorTests" */;
			buildPhases = (
				5B8765272D52539E00B4CC30 /* Sources */,
				5B8765282D52539E00B4CC30 /* Frameworks */,
				5B8765292D52539E00B4CC30 /* Resources */,
			);
			buildRules = (
			);
			dependencies = (
				5B87652D2D52539E00B4CC30 /* PBXTargetDependency */,
			);
			fileSystemSynchronizedGroups = (
				5B87652E2D52539E00B4CC30 /* AuthenticatorTests */,
			);
			name = AuthenticatorTests;
			productName = AuthenticatorTests;
			productReference = 5B87652B2D52539E00B4CC30 /* AuthenticatorTests.xctest */;
			productType = "com.apple.product-type.bundle.unit-test";
		};
		5B8765342D52539E00B4CC30 /* AuthenticatorUITests */ = {
			isa = PBXNativeTarget;
			buildConfigurationList = 5B8765462D52539E00B4CC30 /* Build configuration list for PBXNativeTarget "AuthenticatorUITests" */;
			buildPhases = (
				5B8765312D52539E00B4CC30 /* Sources */,
				5B8765322D52539E00B4CC30 /* Frameworks */,
				5B8765332D52539E00B4CC30 /* Resources */,
			);
			buildRules = (
			);
			dependencies = (
				5B8765372D52539E00B4CC30 /* PBXTargetDependency */,
			);
			fileSystemSynchronizedGroups = (
				5B8765382D52539E00B4CC30 /* AuthenticatorUITests */,
			);
			name = AuthenticatorUITests;
			productName = AuthenticatorUITests;
			productReference = 5B8765352D52539E00B4CC30 /* AuthenticatorUITests.xctest */;
			productType = "com.apple.product-type.bundle.ui-testing";
		};
		5BF50FFE2E3261A10025E5D2 /* WatchAuthenticator Watch App */ = {
			isa = PBXNativeTarget;
			buildConfigurationList = 5BF5102A2E3261A30025E5D2 /* Build configuration list for PBXNativeTarget "WatchAuthenticator Watch App" */;
			buildPhases = (
				5BF50FFB2E3261A10025E5D2 /* Sources */,
				5BF50FFC2E3261A10025E5D2 /* Frameworks */,
				5BF50FFD2E3261A10025E5D2 /* Resources */,
			);
			buildRules = (
			);
			dependencies = (
			);
			fileSystemSynchronizedGroups = (
				5BF510002E3261A10025E5D2 /* WatchAuthenticator Watch App */,
			);
			name = "WatchAuthenticator Watch App";
			packageProductDependencies = (
				5BF510352E3275810025E5D2 /* FactoryKit */,
				5BF510372E32758C0025E5D2 /* Models */,
				5BF511BD2E337D0C0025E5D2 /* CommonUtilities */,
				5BF5125A2E337FF50025E5D2 /* OneTimePassword */,
				5BF5125D2E33801D0025E5D2 /* SimplyPersist */,
				5BF512602E3380540025E5D2 /* SimpleToast */,
				5B9AD5CF2E358A9C000FC006 /* Macro */,
				5B9AD63A2E37C096000FC006 /* KeychainAccess */,
			);
			productName = "WatchAuthenticator Watch App";
			productReference = 5BF50FFF2E3261A10025E5D2 /* WatchAuthenticator Watch App.app */;
			productType = "com.apple.product-type.application";
		};
		5BF5100A2E3261A30025E5D2 /* WatchAuthenticator Watch AppTests */ = {
			isa = PBXNativeTarget;
			buildConfigurationList = 5BF5102B2E3261A30025E5D2 /* Build configuration list for PBXNativeTarget "WatchAuthenticator Watch AppTests" */;
			buildPhases = (
				5BF510072E3261A30025E5D2 /* Sources */,
				5BF510082E3261A30025E5D2 /* Frameworks */,
				5BF510092E3261A30025E5D2 /* Resources */,
			);
			buildRules = (
			);
			dependencies = (
				5BF5100D2E3261A30025E5D2 /* PBXTargetDependency */,
			);
			fileSystemSynchronizedGroups = (
				5BF5100E2E3261A30025E5D2 /* WatchAuthenticator Watch AppTests */,
			);
			name = "WatchAuthenticator Watch AppTests";
			packageProductDependencies = (
			);
			productName = "WatchAuthenticator Watch AppTests";
			productReference = 5BF5100B2E3261A30025E5D2 /* WatchAuthenticator Watch AppTests.xctest */;
			productType = "com.apple.product-type.bundle.unit-test";
		};
		5BF510142E3261A30025E5D2 /* WatchAuthenticator Watch AppUITests */ = {
			isa = PBXNativeTarget;
			buildConfigurationList = 5BF5102C2E3261A30025E5D2 /* Build configuration list for PBXNativeTarget "WatchAuthenticator Watch AppUITests" */;
			buildPhases = (
				5BF510112E3261A30025E5D2 /* Sources */,
				5BF510122E3261A30025E5D2 /* Frameworks */,
				5BF510132E3261A30025E5D2 /* Resources */,
			);
			buildRules = (
			);
			dependencies = (
				5BF510172E3261A30025E5D2 /* PBXTargetDependency */,
			);
			fileSystemSynchronizedGroups = (
				5BF510182E3261A30025E5D2 /* WatchAuthenticator Watch AppUITests */,
			);
			name = "WatchAuthenticator Watch AppUITests";
			packageProductDependencies = (
			);
			productName = "WatchAuthenticator Watch AppUITests";
			productReference = 5BF510152E3261A30025E5D2 /* WatchAuthenticator Watch AppUITests.xctest */;
			productType = "com.apple.product-type.bundle.ui-testing";
		};
/* End PBXNativeTarget section */

/* Begin PBXProject section */
		5B87650F2D52539D00B4CC30 /* Project object */ = {
			isa = PBXProject;
			attributes = {
				BuildIndependentTargetsInParallel = 1;
				LastSwiftUpdateCheck = 1640;
				LastUpgradeCheck = 1630;
				TargetAttributes = {
					5B5E0D5B2D5A38DD00E7BCD4 = {
						CreatedOnToolsVersion = 16.2;
					};
					5B8765162D52539D00B4CC30 = {
						CreatedOnToolsVersion = 16.2;
					};
					5B87652A2D52539E00B4CC30 = {
						CreatedOnToolsVersion = 16.2;
						TestTargetID = 5B8765162D52539D00B4CC30;
					};
					5B8765342D52539E00B4CC30 = {
						CreatedOnToolsVersion = 16.2;
						TestTargetID = 5B8765162D52539D00B4CC30;
					};
					5BF50FFE2E3261A10025E5D2 = {
						CreatedOnToolsVersion = 16.4;
					};
					5BF5100A2E3261A30025E5D2 = {
						CreatedOnToolsVersion = 16.4;
						TestTargetID = 5BF50FFE2E3261A10025E5D2;
					};
					5BF510142E3261A30025E5D2 = {
						CreatedOnToolsVersion = 16.4;
						TestTargetID = 5BF50FFE2E3261A10025E5D2;
					};
				};
			};
			buildConfigurationList = 5B8765122D52539D00B4CC30 /* Build configuration list for PBXProject "Authenticator" */;
			developmentRegion = en;
			hasScannedForEncodings = 0;
			knownRegions = (
				en,
				Base,
				fr,
				de,
				es,
				"es-419",
				it,
				nl,
				pl,
				"pt-BR",
				ru,
				tr,
			);
			mainGroup = 5B87650E2D52539D00B4CC30;
			minimizedProjectReferenceProxies = 1;
			packageReferences = (
				5B387F7A2D54CFD1006E0312 /* XCRemoteSwiftPackageReference "Factory" */,
				5B5E0D532D5A332D00E7BCD4 /* XCRemoteSwiftPackageReference "sentry-cocoa" */,
				5BF512592E337FF50025E5D2 /* XCRemoteSwiftPackageReference "OneTimePassword" */,
				5BF5125C2E33801D0025E5D2 /* XCRemoteSwiftPackageReference "SimplyPersist" */,
				5BF5125F2E3380540025E5D2 /* XCRemoteSwiftPackageReference "SimpleToast" */,
				5B9AD6392E37C096000FC006 /* XCRemoteSwiftPackageReference "KeychainAccess" */,
			);
			preferredProjectObjectVersion = 77;
			productRefGroup = 5B8765182D52539D00B4CC30 /* Products */;
			projectDirPath = "";
			projectRoot = "";
			targets = (
				5B8765162D52539D00B4CC30 /* Authenticator */,
				5B87652A2D52539E00B4CC30 /* AuthenticatorTests */,
				5B8765342D52539E00B4CC30 /* AuthenticatorUITests */,
				5B5E0D5B2D5A38DD00E7BCD4 /* Autofill */,
				5BF50FFE2E3261A10025E5D2 /* WatchAuthenticator Watch App */,
				5BF5100A2E3261A30025E5D2 /* WatchAuthenticator Watch AppTests */,
				5BF510142E3261A30025E5D2 /* WatchAuthenticator Watch AppUITests */,
			);
		};
/* End PBXProject section */

/* Begin PBXResourcesBuildPhase section */
		5B5E0D5A2D5A38DD00E7BCD4 /* Resources */ = {
			isa = PBXResourcesBuildPhase;
			buildActionMask = 2147483647;
			files = (
			);
			runOnlyForDeploymentPostprocessing = 0;
		};
		5B8765152D52539D00B4CC30 /* Resources */ = {
			isa = PBXResourcesBuildPhase;
			buildActionMask = 2147483647;
			files = (
			);
			runOnlyForDeploymentPostprocessing = 0;
		};
		5B8765292D52539E00B4CC30 /* Resources */ = {
			isa = PBXResourcesBuildPhase;
			buildActionMask = 2147483647;
			files = (
			);
			runOnlyForDeploymentPostprocessing = 0;
		};
		5B8765332D52539E00B4CC30 /* Resources */ = {
			isa = PBXResourcesBuildPhase;
			buildActionMask = 2147483647;
			files = (
			);
			runOnlyForDeploymentPostprocessing = 0;
		};
		5BF50FFD2E3261A10025E5D2 /* Resources */ = {
			isa = PBXResourcesBuildPhase;
			buildActionMask = 2147483647;
			files = (
			);
			runOnlyForDeploymentPostprocessing = 0;
		};
		5BF510092E3261A30025E5D2 /* Resources */ = {
			isa = PBXResourcesBuildPhase;
			buildActionMask = 2147483647;
			files = (
			);
			runOnlyForDeploymentPostprocessing = 0;
		};
		5BF510132E3261A30025E5D2 /* Resources */ = {
			isa = PBXResourcesBuildPhase;
			buildActionMask = 2147483647;
			files = (
			);
			runOnlyForDeploymentPostprocessing = 0;
		};
/* End PBXResourcesBuildPhase section */

/* Begin PBXShellScriptBuildPhase section */
		53D16E4E2D8D720500B33441 /* Copy appropriate Settings.bundle base on configuration */ = {
			isa = PBXShellScriptBuildPhase;
			alwaysOutOfDate = 1;
			buildActionMask = 2147483647;
			files = (
			);
			inputFileListPaths = (
			);
			inputPaths = (
			);
			name = "Copy appropriate Settings.bundle base on configuration";
			outputFileListPaths = (
			);
			outputPaths = (
			);
			runOnlyForDeploymentPostprocessing = 0;
			shellPath = /bin/sh;
			shellScript = "if [ \"$PLATFORM_NAME\" != \"macosx\" ]; then\nBUNDLE_DIR=\"$PROJECT_DIR/Authenticator/App/Settings Bundles\"\nBUILD_APP_DIR=\"$BUILT_PRODUCTS_DIR/$PRODUCT_NAME.app\"\n\nif [[ $CONFIGURATION =~ \"Debug\" ]] || [[ $CONFIGURATION =~ \"QA\" ]]; then\n    # If config contains \"Debug\" or \"QA\", copy QA variant of Settings.bundle into app bundle\n    cp -rf \"$BUNDLE_DIR/QA/Settings.bundle\" \"$BUILD_APP_DIR/Settings.bundle\"\n    echo  \"$BUNDLE_DIR/QA/Settings.bundle\"\n    echo \"Settings QA copied\"\nelse\n    # Otherwise copy the regular variant\n    cp -rf \"$BUNDLE_DIR/Regular/Settings.bundle\" \"$BUILD_APP_DIR/Settings.bundle\"\n    echo \"Settings normal copied\"\nfi\nelse\n    echo \"Skipping for macOS build\"\nfi\n";
		};
		5B87655D2D527A0800B4CC30 /* Swiftformat */ = {
			isa = PBXShellScriptBuildPhase;
			alwaysOutOfDate = 1;
			buildActionMask = 2147483647;
			files = (
			);
			inputFileListPaths = (
			);
			inputPaths = (
			);
			name = Swiftformat;
			outputFileListPaths = (
			);
			outputPaths = (
			);
			runOnlyForDeploymentPostprocessing = 0;
			shellPath = /bin/sh;
			shellScript = "scripts/public/swiftformat.sh\n\n";
		};
		5B87655E2D527A4600B4CC30 /* Swiftlint */ = {
			isa = PBXShellScriptBuildPhase;
			alwaysOutOfDate = 1;
			buildActionMask = 2147483647;
			files = (
			);
			inputFileListPaths = (
			);
			inputPaths = (
			);
			name = Swiftlint;
			outputFileListPaths = (
			);
			outputPaths = (
			);
			runOnlyForDeploymentPostprocessing = 0;
			shellPath = /bin/sh;
			shellScript = "scripts/public/swiftlint.sh\n\n";
		};
/* End PBXShellScriptBuildPhase section */

/* Begin PBXSourcesBuildPhase section */
		5B5E0D582D5A38DD00E7BCD4 /* Sources */ = {
			isa = PBXSourcesBuildPhase;
			buildActionMask = 2147483647;
			files = (
			);
			runOnlyForDeploymentPostprocessing = 0;
		};
		5B8765132D52539D00B4CC30 /* Sources */ = {
			isa = PBXSourcesBuildPhase;
			buildActionMask = 2147483647;
			files = (
			);
			runOnlyForDeploymentPostprocessing = 0;
		};
		5B8765272D52539E00B4CC30 /* Sources */ = {
			isa = PBXSourcesBuildPhase;
			buildActionMask = 2147483647;
			files = (
			);
			runOnlyForDeploymentPostprocessing = 0;
		};
		5B8765312D52539E00B4CC30 /* Sources */ = {
			isa = PBXSourcesBuildPhase;
			buildActionMask = 2147483647;
			files = (
			);
			runOnlyForDeploymentPostprocessing = 0;
		};
		5BF50FFB2E3261A10025E5D2 /* Sources */ = {
			isa = PBXSourcesBuildPhase;
			buildActionMask = 2147483647;
			files = (
			);
			runOnlyForDeploymentPostprocessing = 0;
		};
		5BF510072E3261A30025E5D2 /* Sources */ = {
			isa = PBXSourcesBuildPhase;
			buildActionMask = 2147483647;
			files = (
			);
			runOnlyForDeploymentPostprocessing = 0;
		};
		5BF510112E3261A30025E5D2 /* Sources */ = {
			isa = PBXSourcesBuildPhase;
			buildActionMask = 2147483647;
			files = (
			);
			runOnlyForDeploymentPostprocessing = 0;
		};
/* End PBXSourcesBuildPhase section */

/* Begin PBXTargetDependency section */
		5B87652D2D52539E00B4CC30 /* PBXTargetDependency */ = {
			isa = PBXTargetDependency;
			target = 5B8765162D52539D00B4CC30 /* Authenticator */;
			targetProxy = 5B87652C2D52539E00B4CC30 /* PBXContainerItemProxy */;
		};
		5B8765372D52539E00B4CC30 /* PBXTargetDependency */ = {
			isa = PBXTargetDependency;
			target = 5B8765162D52539D00B4CC30 /* Authenticator */;
			targetProxy = 5B8765362D52539E00B4CC30 /* PBXContainerItemProxy */;
		};
		5BF5100D2E3261A30025E5D2 /* PBXTargetDependency */ = {
			isa = PBXTargetDependency;
			target = 5BF50FFE2E3261A10025E5D2 /* WatchAuthenticator Watch App */;
			targetProxy = 5BF5100C2E3261A30025E5D2 /* PBXContainerItemProxy */;
		};
		5BF510172E3261A30025E5D2 /* PBXTargetDependency */ = {
			isa = PBXTargetDependency;
			target = 5BF50FFE2E3261A10025E5D2 /* WatchAuthenticator Watch App */;
			targetProxy = 5BF510162E3261A30025E5D2 /* PBXContainerItemProxy */;
		};
		5BF5101E2E3261A30025E5D2 /* PBXTargetDependency */ = {
			isa = PBXTargetDependency;
			target = 5BF50FFE2E3261A10025E5D2 /* WatchAuthenticator Watch App */;
			targetProxy = 5BF5101D2E3261A30025E5D2 /* PBXContainerItemProxy */;
		};
/* End PBXTargetDependency section */

/* Begin XCBuildConfiguration section */
		5B5E0D432D5A2CBF00E7BCD4 /* Release-QA */ = {
			isa = XCBuildConfiguration;
			buildSettings = {
				ALWAYS_SEARCH_USER_PATHS = NO;
				ASSETCATALOG_COMPILER_GENERATE_SWIFT_ASSET_SYMBOL_EXTENSIONS = YES;
				CLANG_ANALYZER_LOCALIZABILITY_NONLOCALIZED = YES;
				CLANG_ANALYZER_NONNULL = YES;
				CLANG_ANALYZER_NUMBER_OBJECT_CONVERSION = YES_AGGRESSIVE;
				CLANG_CXX_LANGUAGE_STANDARD = "gnu++20";
				CLANG_ENABLE_MODULES = YES;
				CLANG_ENABLE_OBJC_ARC = YES;
				CLANG_ENABLE_OBJC_WEAK = YES;
				CLANG_WARN_BLOCK_CAPTURE_AUTORELEASING = YES;
				CLANG_WARN_BOOL_CONVERSION = YES;
				CLANG_WARN_COMMA = YES;
				CLANG_WARN_CONSTANT_CONVERSION = YES;
				CLANG_WARN_DEPRECATED_OBJC_IMPLEMENTATIONS = YES;
				CLANG_WARN_DIRECT_OBJC_ISA_USAGE = YES_ERROR;
				CLANG_WARN_DOCUMENTATION_COMMENTS = YES;
				CLANG_WARN_EMPTY_BODY = YES;
				CLANG_WARN_ENUM_CONVERSION = YES;
				CLANG_WARN_INFINITE_RECURSION = YES;
				CLANG_WARN_INT_CONVERSION = YES;
				CLANG_WARN_NON_LITERAL_NULL_CONVERSION = YES;
				CLANG_WARN_OBJC_IMPLICIT_RETAIN_SELF = YES;
				CLANG_WARN_OBJC_LITERAL_CONVERSION = YES;
				CLANG_WARN_OBJC_ROOT_CLASS = YES_ERROR;
				CLANG_WARN_QUOTED_INCLUDE_IN_FRAMEWORK_HEADER = YES;
				CLANG_WARN_RANGE_LOOP_ANALYSIS = YES;
				CLANG_WARN_STRICT_PROTOTYPES = YES;
				CLANG_WARN_SUSPICIOUS_MOVE = YES;
				CLANG_WARN_UNGUARDED_AVAILABILITY = YES_AGGRESSIVE;
				CLANG_WARN_UNREACHABLE_CODE = YES;
				CLANG_WARN__DUPLICATE_METHOD_MATCH = YES;
				COPY_PHASE_STRIP = NO;
				DEAD_CODE_STRIPPING = YES;
				DEBUG_INFORMATION_FORMAT = "dwarf-with-dsym";
				ENABLE_NS_ASSERTIONS = NO;
				ENABLE_STRICT_OBJC_MSGSEND = YES;
				ENABLE_USER_SCRIPT_SANDBOXING = YES;
				GCC_C_LANGUAGE_STANDARD = gnu17;
				GCC_NO_COMMON_BLOCKS = YES;
				GCC_WARN_64_TO_32_BIT_CONVERSION = YES;
				GCC_WARN_ABOUT_RETURN_TYPE = YES_ERROR;
				GCC_WARN_UNDECLARED_SELECTOR = YES;
				GCC_WARN_UNINITIALIZED_AUTOS = YES_AGGRESSIVE;
				GCC_WARN_UNUSED_FUNCTION = YES;
				GCC_WARN_UNUSED_VARIABLE = YES;
				LOCALIZATION_PREFERS_STRING_CATALOGS = YES;
				MTL_ENABLE_DEBUG_INFO = NO;
				MTL_FAST_MATH = YES;
				SWIFT_COMPILATION_MODE = wholemodule;
				SWIFT_EMIT_LOC_STRINGS = YES;
				SWIFT_VERSION = 6.0;
			};
			name = "Release-QA";
		};
		5B5E0D442D5A2CBF00E7BCD4 /* Release-QA */ = {
			isa = XCBuildConfiguration;
			baseConfigurationReferenceAnchor = 5B8765192D52539D00B4CC30 /* Authenticator */;
			baseConfigurationReferenceRelativePath = "App/BuildConfigs/Release-QA.xcconfig";
			buildSettings = {
				ASSETCATALOG_COMPILER_APPICON_NAME = "AppIcon-QA";
				ASSETCATALOG_COMPILER_GLOBAL_ACCENT_COLOR_NAME = AccentColor;
				CODE_SIGN_ENTITLEMENTS = Authenticator/App/Authenticator.entitlements;
				CODE_SIGN_IDENTITY = "Apple Development";
				"CODE_SIGN_IDENTITY[sdk=iphoneos*]" = "iPhone Distribution";
				"CODE_SIGN_IDENTITY[sdk=macosx*]" = "3rd Party Mac Developer Application";
				"CODE_SIGN_IDENTITY[sdk=xros*]" = "iPhone Distribution";
				CODE_SIGN_STYLE = Manual;
				CURRENT_PROJECT_VERSION = 1;
				DEAD_CODE_STRIPPING = YES;
				DEVELOPMENT_ASSET_PATHS = "\"Authenticator/App/Preview Content\"";
				DEVELOPMENT_TEAM = "";
				"DEVELOPMENT_TEAM[sdk=iphoneos*]" = 2SB5Z68H26;
				"DEVELOPMENT_TEAM[sdk=macosx*]" = 2SB5Z68H26;
				"DEVELOPMENT_TEAM[sdk=xros*]" = 2SB5Z68H26;
				ENABLE_HARDENED_RUNTIME = YES;
				ENABLE_PREVIEWS = YES;
				ENABLE_USER_SCRIPT_SANDBOXING = NO;
				GENERATE_INFOPLIST_FILE = YES;
				INFOPLIST_FILE = Authenticator/App/Info.plist;
				INFOPLIST_KEY_CFBundleDisplayName = "Proton Authenticator";
				INFOPLIST_KEY_ITSAppUsesNonExemptEncryption = YES;
				INFOPLIST_KEY_ITSEncryptionExportComplianceCode = "0f155edb-2296-4418-b746-00ee2cb43be5";
				INFOPLIST_KEY_NSCameraUsageDescription = "Need the usage of the camera to be able to scan 2fa codes";
				INFOPLIST_KEY_NSFaceIDUsageDescription = "Restrict unwelcome access to your Proton Authenticator account on this device";
				"INFOPLIST_KEY_UIApplicationSceneManifest_Generation[sdk=iphoneos*]" = YES;
				"INFOPLIST_KEY_UIApplicationSceneManifest_Generation[sdk=iphonesimulator*]" = YES;
				"INFOPLIST_KEY_UIApplicationSupportsIndirectInputEvents[sdk=iphoneos*]" = YES;
				"INFOPLIST_KEY_UIApplicationSupportsIndirectInputEvents[sdk=iphonesimulator*]" = YES;
				"INFOPLIST_KEY_UILaunchScreen_Generation[sdk=iphoneos*]" = YES;
				"INFOPLIST_KEY_UILaunchScreen_Generation[sdk=iphonesimulator*]" = YES;
				"INFOPLIST_KEY_UIStatusBarStyle[sdk=iphoneos*]" = UIStatusBarStyleDefault;
				"INFOPLIST_KEY_UIStatusBarStyle[sdk=iphonesimulator*]" = UIStatusBarStyleDefault;
				INFOPLIST_KEY_UISupportedInterfaceOrientations = UIInterfaceOrientationPortrait;
				INFOPLIST_KEY_UISupportedInterfaceOrientations_iPad = "UIInterfaceOrientationLandscapeLeft UIInterfaceOrientationLandscapeRight UIInterfaceOrientationPortrait UIInterfaceOrientationPortraitUpsideDown";
				IPHONEOS_DEPLOYMENT_TARGET = 17.0;
				LD_RUNPATH_SEARCH_PATHS = "@executable_path/Frameworks";
				"LD_RUNPATH_SEARCH_PATHS[sdk=macosx*]" = "@executable_path/../Frameworks";
				MACOSX_DEPLOYMENT_TARGET = 14.0;
				MARKETING_VERSION = 1.0.0;
				PRODUCT_BUNDLE_IDENTIFIER = me.proton.authenticator;
				PRODUCT_NAME = "$(TARGET_NAME)";
				PROVISIONING_PROFILE_SPECIFIER = "";
				"PROVISIONING_PROFILE_SPECIFIER[sdk=iphoneos*]" = "Proton Authenticator Distribution";
				"PROVISIONING_PROFILE_SPECIFIER[sdk=macosx*]" = "Proton Authenticator macOS Distribution";
				"PROVISIONING_PROFILE_SPECIFIER[sdk=xros*]" = "Proton Authenticator Distribution";
				REGISTER_APP_GROUPS = YES;
				SDKROOT = auto;
				SUPPORTED_PLATFORMS = "iphoneos iphonesimulator xros xrsimulator";
				SUPPORTS_MACCATALYST = NO;
				SUPPORTS_MAC_DESIGNED_FOR_IPHONE_IPAD = YES;
				SWIFT_EMIT_LOC_STRINGS = YES;
				SWIFT_VERSION = 6.0;
				TARGETED_DEVICE_FAMILY = "1,2,7";
				XROS_DEPLOYMENT_TARGET = 2.2;
			};
			name = "Release-QA";
		};
		5B5E0D452D5A2CBF00E7BCD4 /* Release-QA */ = {
			isa = XCBuildConfiguration;
			buildSettings = {
				BUNDLE_LOADER = "$(TEST_HOST)";
				CODE_SIGN_STYLE = Automatic;
				CURRENT_PROJECT_VERSION = 1;
				DEAD_CODE_STRIPPING = YES;
				DEVELOPMENT_TEAM = 2SB5Z68H26;
				GENERATE_INFOPLIST_FILE = YES;
				IPHONEOS_DEPLOYMENT_TARGET = 17.0;
				MACOSX_DEPLOYMENT_TARGET = 15.2;
				MARKETING_VERSION = 1.0.0;
				PRODUCT_BUNDLE_IDENTIFIER = me.proton.AuthenticatorTests;
				PRODUCT_NAME = "$(TARGET_NAME)";
				SDKROOT = auto;
				SUPPORTED_PLATFORMS = "iphoneos iphonesimulator macosx xros xrsimulator";
				SWIFT_EMIT_LOC_STRINGS = NO;
				SWIFT_VERSION = 6.0;
				TARGETED_DEVICE_FAMILY = "1,2,7";
				TEST_HOST = "$(BUILT_PRODUCTS_DIR)/Authenticator.app/$(BUNDLE_EXECUTABLE_FOLDER_PATH)/Authenticator";
				XROS_DEPLOYMENT_TARGET = 2.2;
			};
			name = "Release-QA";
		};
		5B5E0D462D5A2CBF00E7BCD4 /* Release-QA */ = {
			isa = XCBuildConfiguration;
			buildSettings = {
				CODE_SIGN_STYLE = Automatic;
				CURRENT_PROJECT_VERSION = 1;
				DEAD_CODE_STRIPPING = YES;
				DEVELOPMENT_TEAM = 2SB5Z68H26;
				GENERATE_INFOPLIST_FILE = YES;
				IPHONEOS_DEPLOYMENT_TARGET = 17.0;
				MACOSX_DEPLOYMENT_TARGET = 15.2;
				MARKETING_VERSION = 1.0.0;
				PRODUCT_BUNDLE_IDENTIFIER = me.proton.AuthenticatorUITests;
				PRODUCT_NAME = "$(TARGET_NAME)";
				SDKROOT = auto;
				SUPPORTED_PLATFORMS = "iphoneos iphonesimulator macosx xros xrsimulator";
				SWIFT_EMIT_LOC_STRINGS = NO;
				SWIFT_VERSION = 6.0;
				TARGETED_DEVICE_FAMILY = "1,2,7";
				TEST_TARGET_NAME = Authenticator;
				XROS_DEPLOYMENT_TARGET = 2.2;
			};
			name = "Release-QA";
		};
		5B5E0D6B2D5A38DD00E7BCD4 /* Debug */ = {
			isa = XCBuildConfiguration;
			buildSettings = {
				CODE_SIGN_ENTITLEMENTS = Autofill/Autofill.entitlements;
				CODE_SIGN_STYLE = Automatic;
				CURRENT_PROJECT_VERSION = 1;
				DEVELOPMENT_TEAM = 2SB5Z68H26;
				GENERATE_INFOPLIST_FILE = YES;
				INFOPLIST_FILE = Autofill/Info.plist;
				INFOPLIST_KEY_CFBundleDisplayName = Autofill;
				INFOPLIST_KEY_NSHumanReadableCopyright = "";
				IPHONEOS_DEPLOYMENT_TARGET = 17.0;
				LD_RUNPATH_SEARCH_PATHS = (
					"$(inherited)",
					"@executable_path/Frameworks",
					"@executable_path/../../Frameworks",
				);
				MARKETING_VERSION = 1.0.0;
				PRODUCT_BUNDLE_IDENTIFIER = me.proton.authenticator.autofill;
				PRODUCT_NAME = "$(TARGET_NAME)";
				SDKROOT = iphoneos;
				SKIP_INSTALL = YES;
				SWIFT_EMIT_LOC_STRINGS = YES;
				SWIFT_VERSION = 5.0;
				TARGETED_DEVICE_FAMILY = "1,2";
			};
			name = Debug;
		};
		5B5E0D6C2D5A38DD00E7BCD4 /* Release */ = {
			isa = XCBuildConfiguration;
			buildSettings = {
				CODE_SIGN_ENTITLEMENTS = Autofill/Autofill.entitlements;
				"CODE_SIGN_IDENTITY[sdk=iphoneos*]" = "iPhone Distribution";
				CODE_SIGN_STYLE = Manual;
				CURRENT_PROJECT_VERSION = 1;
				DEVELOPMENT_TEAM = 2SB5Z68H26;
				"DEVELOPMENT_TEAM[sdk=iphoneos*]" = 2SB5Z68H26;
				GENERATE_INFOPLIST_FILE = YES;
				INFOPLIST_FILE = Autofill/Info.plist;
				INFOPLIST_KEY_CFBundleDisplayName = Autofill;
				INFOPLIST_KEY_NSHumanReadableCopyright = "";
				IPHONEOS_DEPLOYMENT_TARGET = 17.0;
				LD_RUNPATH_SEARCH_PATHS = (
					"$(inherited)",
					"@executable_path/Frameworks",
					"@executable_path/../../Frameworks",
				);
				MARKETING_VERSION = 1.0.0;
				PRODUCT_BUNDLE_IDENTIFIER = me.proton.authenticator.autofill;
				PRODUCT_NAME = "$(TARGET_NAME)";
				PROVISIONING_PROFILE_SPECIFIER = "";
				"PROVISIONING_PROFILE_SPECIFIER[sdk=iphoneos*]" = "Proton Authenticator AutoFill Distribution";
				SDKROOT = iphoneos;
				SKIP_INSTALL = YES;
				SWIFT_EMIT_LOC_STRINGS = YES;
				SWIFT_VERSION = 5.0;
				TARGETED_DEVICE_FAMILY = "1,2";
				VALIDATE_PRODUCT = YES;
			};
			name = Release;
		};
		5B5E0D6D2D5A38DD00E7BCD4 /* Release-QA */ = {
			isa = XCBuildConfiguration;
			buildSettings = {
				CODE_SIGN_ENTITLEMENTS = Autofill/Autofill.entitlements;
				"CODE_SIGN_IDENTITY[sdk=iphoneos*]" = "iPhone Distribution";
				CODE_SIGN_STYLE = Manual;
				CURRENT_PROJECT_VERSION = 1;
				DEVELOPMENT_TEAM = 2SB5Z68H26;
				"DEVELOPMENT_TEAM[sdk=iphoneos*]" = 2SB5Z68H26;
				GENERATE_INFOPLIST_FILE = YES;
				INFOPLIST_FILE = Autofill/Info.plist;
				INFOPLIST_KEY_CFBundleDisplayName = Autofill;
				INFOPLIST_KEY_NSHumanReadableCopyright = "";
				IPHONEOS_DEPLOYMENT_TARGET = 17.0;
				LD_RUNPATH_SEARCH_PATHS = (
					"$(inherited)",
					"@executable_path/Frameworks",
					"@executable_path/../../Frameworks",
				);
				MARKETING_VERSION = 1.0.0;
				PRODUCT_BUNDLE_IDENTIFIER = me.proton.authenticator.autofill;
				PRODUCT_NAME = "$(TARGET_NAME)";
				PROVISIONING_PROFILE_SPECIFIER = "";
				"PROVISIONING_PROFILE_SPECIFIER[sdk=iphoneos*]" = "Proton Authenticator AutoFill Distribution";
				SDKROOT = iphoneos;
				SKIP_INSTALL = YES;
				SWIFT_EMIT_LOC_STRINGS = YES;
				SWIFT_VERSION = 5.0;
				TARGETED_DEVICE_FAMILY = "1,2";
				VALIDATE_PRODUCT = YES;
			};
			name = "Release-QA";
		};
		5B87653F2D52539E00B4CC30 /* Debug */ = {
			isa = XCBuildConfiguration;
			baseConfigurationReferenceAnchor = 5B8765192D52539D00B4CC30 /* Authenticator */;
			baseConfigurationReferenceRelativePath = App/BuildConfigs/Debug.xcconfig;
			buildSettings = {
				ASSETCATALOG_COMPILER_APPICON_NAME = "AppIcon-QA";
				ASSETCATALOG_COMPILER_GLOBAL_ACCENT_COLOR_NAME = AccentColor;
				CODE_SIGN_ENTITLEMENTS = Authenticator/App/Authenticator.entitlements;
				CODE_SIGN_STYLE = Automatic;
				CURRENT_PROJECT_VERSION = 1;
				DEAD_CODE_STRIPPING = YES;
				DEVELOPMENT_ASSET_PATHS = "\"Authenticator/App/Preview Content\"";
				DEVELOPMENT_TEAM = 2SB5Z68H26;
				ENABLE_HARDENED_RUNTIME = YES;
				ENABLE_PREVIEWS = YES;
				ENABLE_USER_SCRIPT_SANDBOXING = NO;
				GENERATE_INFOPLIST_FILE = YES;
				INFOPLIST_FILE = Authenticator/App/Info.plist;
				INFOPLIST_KEY_CFBundleDisplayName = "Proton Authenticator";
				INFOPLIST_KEY_ITSAppUsesNonExemptEncryption = YES;
				INFOPLIST_KEY_ITSEncryptionExportComplianceCode = "0f155edb-2296-4418-b746-00ee2cb43be5";
				INFOPLIST_KEY_NSCameraUsageDescription = "Need the usage of the camera to be able to scan 2fa codes";
				INFOPLIST_KEY_NSFaceIDUsageDescription = "Restrict unwelcome access to your Proton Authenticator account on this device";
				"INFOPLIST_KEY_UIApplicationSceneManifest_Generation[sdk=iphoneos*]" = YES;
				"INFOPLIST_KEY_UIApplicationSceneManifest_Generation[sdk=iphonesimulator*]" = YES;
				"INFOPLIST_KEY_UIApplicationSupportsIndirectInputEvents[sdk=iphoneos*]" = YES;
				"INFOPLIST_KEY_UIApplicationSupportsIndirectInputEvents[sdk=iphonesimulator*]" = YES;
				"INFOPLIST_KEY_UILaunchScreen_Generation[sdk=iphoneos*]" = YES;
				"INFOPLIST_KEY_UILaunchScreen_Generation[sdk=iphonesimulator*]" = YES;
				"INFOPLIST_KEY_UIStatusBarStyle[sdk=iphoneos*]" = UIStatusBarStyleDefault;
				"INFOPLIST_KEY_UIStatusBarStyle[sdk=iphonesimulator*]" = UIStatusBarStyleDefault;
				INFOPLIST_KEY_UISupportedInterfaceOrientations = UIInterfaceOrientationPortrait;
				INFOPLIST_KEY_UISupportedInterfaceOrientations_iPad = "UIInterfaceOrientationLandscapeLeft UIInterfaceOrientationLandscapeRight UIInterfaceOrientationPortrait UIInterfaceOrientationPortraitUpsideDown";
				IPHONEOS_DEPLOYMENT_TARGET = 17.0;
				LD_RUNPATH_SEARCH_PATHS = "@executable_path/Frameworks";
				"LD_RUNPATH_SEARCH_PATHS[sdk=macosx*]" = "@executable_path/../Frameworks";
				MACOSX_DEPLOYMENT_TARGET = 14.0;
				MARKETING_VERSION = 1.0.0;
				PRODUCT_BUNDLE_IDENTIFIER = me.proton.authenticator;
				PRODUCT_NAME = "$(TARGET_NAME)";
				REGISTER_APP_GROUPS = YES;
				SDKROOT = auto;
				SUPPORTED_PLATFORMS = "iphoneos iphonesimulator xros xrsimulator";
				SUPPORTS_MACCATALYST = NO;
				SUPPORTS_MAC_DESIGNED_FOR_IPHONE_IPAD = YES;
				SWIFT_EMIT_LOC_STRINGS = YES;
				SWIFT_VERSION = 6.0;
				TARGETED_DEVICE_FAMILY = "1,2,7";
				XROS_DEPLOYMENT_TARGET = 2.2;
			};
			name = Debug;
		};
		5B8765402D52539E00B4CC30 /* Release */ = {
			isa = XCBuildConfiguration;
			baseConfigurationReferenceAnchor = 5B8765192D52539D00B4CC30 /* Authenticator */;
			baseConfigurationReferenceRelativePath = App/BuildConfigs/Release.xcconfig;
			buildSettings = {
				ASSETCATALOG_COMPILER_APPICON_NAME = AppIcon;
				ASSETCATALOG_COMPILER_GLOBAL_ACCENT_COLOR_NAME = AccentColor;
				CODE_SIGN_ENTITLEMENTS = Authenticator/App/Authenticator.entitlements;
				CODE_SIGN_IDENTITY = "Apple Development";
				"CODE_SIGN_IDENTITY[sdk=iphoneos*]" = "iPhone Distribution";
				"CODE_SIGN_IDENTITY[sdk=macosx*]" = "3rd Party Mac Developer Application";
				"CODE_SIGN_IDENTITY[sdk=xros*]" = "iPhone Distribution";
				CODE_SIGN_STYLE = Manual;
				CURRENT_PROJECT_VERSION = 1;
				DEAD_CODE_STRIPPING = YES;
				DEVELOPMENT_ASSET_PATHS = "\"Authenticator/App/Preview Content\"";
				DEVELOPMENT_TEAM = "";
				"DEVELOPMENT_TEAM[sdk=iphoneos*]" = 2SB5Z68H26;
				"DEVELOPMENT_TEAM[sdk=macosx*]" = 2SB5Z68H26;
				"DEVELOPMENT_TEAM[sdk=xros*]" = 2SB5Z68H26;
				ENABLE_HARDENED_RUNTIME = YES;
				ENABLE_PREVIEWS = YES;
				ENABLE_USER_SCRIPT_SANDBOXING = NO;
				GENERATE_INFOPLIST_FILE = YES;
				INFOPLIST_FILE = Authenticator/App/Info.plist;
				INFOPLIST_KEY_CFBundleDisplayName = "Proton Authenticator";
				INFOPLIST_KEY_ITSAppUsesNonExemptEncryption = YES;
				INFOPLIST_KEY_ITSEncryptionExportComplianceCode = "0f155edb-2296-4418-b746-00ee2cb43be5";
				INFOPLIST_KEY_NSCameraUsageDescription = "Need the usage of the camera to be able to scan 2fa codes";
				INFOPLIST_KEY_NSFaceIDUsageDescription = "Restrict unwelcome access to your Proton Authenticator account on this device";
				"INFOPLIST_KEY_UIApplicationSceneManifest_Generation[sdk=iphoneos*]" = YES;
				"INFOPLIST_KEY_UIApplicationSceneManifest_Generation[sdk=iphonesimulator*]" = YES;
				"INFOPLIST_KEY_UIApplicationSupportsIndirectInputEvents[sdk=iphoneos*]" = YES;
				"INFOPLIST_KEY_UIApplicationSupportsIndirectInputEvents[sdk=iphonesimulator*]" = YES;
				"INFOPLIST_KEY_UILaunchScreen_Generation[sdk=iphoneos*]" = YES;
				"INFOPLIST_KEY_UILaunchScreen_Generation[sdk=iphonesimulator*]" = YES;
				"INFOPLIST_KEY_UIStatusBarStyle[sdk=iphoneos*]" = UIStatusBarStyleDefault;
				"INFOPLIST_KEY_UIStatusBarStyle[sdk=iphonesimulator*]" = UIStatusBarStyleDefault;
				INFOPLIST_KEY_UISupportedInterfaceOrientations = UIInterfaceOrientationPortrait;
				INFOPLIST_KEY_UISupportedInterfaceOrientations_iPad = "UIInterfaceOrientationLandscapeLeft UIInterfaceOrientationLandscapeRight UIInterfaceOrientationPortrait UIInterfaceOrientationPortraitUpsideDown";
				IPHONEOS_DEPLOYMENT_TARGET = 17.0;
				LD_RUNPATH_SEARCH_PATHS = "@executable_path/Frameworks";
				"LD_RUNPATH_SEARCH_PATHS[sdk=macosx*]" = "@executable_path/../Frameworks";
				MACOSX_DEPLOYMENT_TARGET = 14.0;
				MARKETING_VERSION = 1.0.0;
				PRODUCT_BUNDLE_IDENTIFIER = me.proton.authenticator;
				PRODUCT_NAME = "$(TARGET_NAME)";
				PROVISIONING_PROFILE_SPECIFIER = "";
				"PROVISIONING_PROFILE_SPECIFIER[sdk=iphoneos*]" = "Proton Authenticator Distribution";
				"PROVISIONING_PROFILE_SPECIFIER[sdk=macosx*]" = "Proton Authenticator macOS Distribution";
				"PROVISIONING_PROFILE_SPECIFIER[sdk=xros*]" = "Proton Authenticator Distribution";
				REGISTER_APP_GROUPS = YES;
				SDKROOT = auto;
				SUPPORTED_PLATFORMS = "iphoneos iphonesimulator xros xrsimulator";
				SUPPORTS_MACCATALYST = NO;
				SUPPORTS_MAC_DESIGNED_FOR_IPHONE_IPAD = YES;
				SWIFT_EMIT_LOC_STRINGS = YES;
				SWIFT_VERSION = 6.0;
				TARGETED_DEVICE_FAMILY = "1,2,7";
				XROS_DEPLOYMENT_TARGET = 2.2;
			};
			name = Release;
		};
		5B8765412D52539E00B4CC30 /* Debug */ = {
			isa = XCBuildConfiguration;
			buildSettings = {
				ALWAYS_SEARCH_USER_PATHS = NO;
				ASSETCATALOG_COMPILER_GENERATE_SWIFT_ASSET_SYMBOL_EXTENSIONS = YES;
				CLANG_ANALYZER_LOCALIZABILITY_NONLOCALIZED = YES;
				CLANG_ANALYZER_NONNULL = YES;
				CLANG_ANALYZER_NUMBER_OBJECT_CONVERSION = YES_AGGRESSIVE;
				CLANG_CXX_LANGUAGE_STANDARD = "gnu++20";
				CLANG_ENABLE_MODULES = YES;
				CLANG_ENABLE_OBJC_ARC = YES;
				CLANG_ENABLE_OBJC_WEAK = YES;
				CLANG_WARN_BLOCK_CAPTURE_AUTORELEASING = YES;
				CLANG_WARN_BOOL_CONVERSION = YES;
				CLANG_WARN_COMMA = YES;
				CLANG_WARN_CONSTANT_CONVERSION = YES;
				CLANG_WARN_DEPRECATED_OBJC_IMPLEMENTATIONS = YES;
				CLANG_WARN_DIRECT_OBJC_ISA_USAGE = YES_ERROR;
				CLANG_WARN_DOCUMENTATION_COMMENTS = YES;
				CLANG_WARN_EMPTY_BODY = YES;
				CLANG_WARN_ENUM_CONVERSION = YES;
				CLANG_WARN_INFINITE_RECURSION = YES;
				CLANG_WARN_INT_CONVERSION = YES;
				CLANG_WARN_NON_LITERAL_NULL_CONVERSION = YES;
				CLANG_WARN_OBJC_IMPLICIT_RETAIN_SELF = YES;
				CLANG_WARN_OBJC_LITERAL_CONVERSION = YES;
				CLANG_WARN_OBJC_ROOT_CLASS = YES_ERROR;
				CLANG_WARN_QUOTED_INCLUDE_IN_FRAMEWORK_HEADER = YES;
				CLANG_WARN_RANGE_LOOP_ANALYSIS = YES;
				CLANG_WARN_STRICT_PROTOTYPES = YES;
				CLANG_WARN_SUSPICIOUS_MOVE = YES;
				CLANG_WARN_UNGUARDED_AVAILABILITY = YES_AGGRESSIVE;
				CLANG_WARN_UNREACHABLE_CODE = YES;
				CLANG_WARN__DUPLICATE_METHOD_MATCH = YES;
				COPY_PHASE_STRIP = NO;
				DEAD_CODE_STRIPPING = YES;
				DEBUG_INFORMATION_FORMAT = dwarf;
				ENABLE_STRICT_OBJC_MSGSEND = YES;
				ENABLE_TESTABILITY = YES;
				ENABLE_USER_SCRIPT_SANDBOXING = YES;
				GCC_C_LANGUAGE_STANDARD = gnu17;
				GCC_DYNAMIC_NO_PIC = NO;
				GCC_NO_COMMON_BLOCKS = YES;
				GCC_OPTIMIZATION_LEVEL = 0;
				GCC_PREPROCESSOR_DEFINITIONS = (
					"DEBUG=1",
					"$(inherited)",
				);
				GCC_WARN_64_TO_32_BIT_CONVERSION = YES;
				GCC_WARN_ABOUT_RETURN_TYPE = YES_ERROR;
				GCC_WARN_UNDECLARED_SELECTOR = YES;
				GCC_WARN_UNINITIALIZED_AUTOS = YES_AGGRESSIVE;
				GCC_WARN_UNUSED_FUNCTION = YES;
				GCC_WARN_UNUSED_VARIABLE = YES;
				LOCALIZATION_PREFERS_STRING_CATALOGS = YES;
				MTL_ENABLE_DEBUG_INFO = INCLUDE_SOURCE;
				MTL_FAST_MATH = YES;
				ONLY_ACTIVE_ARCH = YES;
				SWIFT_ACTIVE_COMPILATION_CONDITIONS = "DEBUG $(inherited)";
				SWIFT_EMIT_LOC_STRINGS = YES;
				SWIFT_OPTIMIZATION_LEVEL = "-Onone";
				SWIFT_VERSION = 6.0;
			};
			name = Debug;
		};
		5B8765422D52539E00B4CC30 /* Release */ = {
			isa = XCBuildConfiguration;
			buildSettings = {
				ALWAYS_SEARCH_USER_PATHS = NO;
				ASSETCATALOG_COMPILER_GENERATE_SWIFT_ASSET_SYMBOL_EXTENSIONS = YES;
				CLANG_ANALYZER_LOCALIZABILITY_NONLOCALIZED = YES;
				CLANG_ANALYZER_NONNULL = YES;
				CLANG_ANALYZER_NUMBER_OBJECT_CONVERSION = YES_AGGRESSIVE;
				CLANG_CXX_LANGUAGE_STANDARD = "gnu++20";
				CLANG_ENABLE_MODULES = YES;
				CLANG_ENABLE_OBJC_ARC = YES;
				CLANG_ENABLE_OBJC_WEAK = YES;
				CLANG_WARN_BLOCK_CAPTURE_AUTORELEASING = YES;
				CLANG_WARN_BOOL_CONVERSION = YES;
				CLANG_WARN_COMMA = YES;
				CLANG_WARN_CONSTANT_CONVERSION = YES;
				CLANG_WARN_DEPRECATED_OBJC_IMPLEMENTATIONS = YES;
				CLANG_WARN_DIRECT_OBJC_ISA_USAGE = YES_ERROR;
				CLANG_WARN_DOCUMENTATION_COMMENTS = YES;
				CLANG_WARN_EMPTY_BODY = YES;
				CLANG_WARN_ENUM_CONVERSION = YES;
				CLANG_WARN_INFINITE_RECURSION = YES;
				CLANG_WARN_INT_CONVERSION = YES;
				CLANG_WARN_NON_LITERAL_NULL_CONVERSION = YES;
				CLANG_WARN_OBJC_IMPLICIT_RETAIN_SELF = YES;
				CLANG_WARN_OBJC_LITERAL_CONVERSION = YES;
				CLANG_WARN_OBJC_ROOT_CLASS = YES_ERROR;
				CLANG_WARN_QUOTED_INCLUDE_IN_FRAMEWORK_HEADER = YES;
				CLANG_WARN_RANGE_LOOP_ANALYSIS = YES;
				CLANG_WARN_STRICT_PROTOTYPES = YES;
				CLANG_WARN_SUSPICIOUS_MOVE = YES;
				CLANG_WARN_UNGUARDED_AVAILABILITY = YES_AGGRESSIVE;
				CLANG_WARN_UNREACHABLE_CODE = YES;
				CLANG_WARN__DUPLICATE_METHOD_MATCH = YES;
				COPY_PHASE_STRIP = NO;
				DEAD_CODE_STRIPPING = YES;
				DEBUG_INFORMATION_FORMAT = "dwarf-with-dsym";
				ENABLE_NS_ASSERTIONS = NO;
				ENABLE_STRICT_OBJC_MSGSEND = YES;
				ENABLE_USER_SCRIPT_SANDBOXING = YES;
				GCC_C_LANGUAGE_STANDARD = gnu17;
				GCC_NO_COMMON_BLOCKS = YES;
				GCC_WARN_64_TO_32_BIT_CONVERSION = YES;
				GCC_WARN_ABOUT_RETURN_TYPE = YES_ERROR;
				GCC_WARN_UNDECLARED_SELECTOR = YES;
				GCC_WARN_UNINITIALIZED_AUTOS = YES_AGGRESSIVE;
				GCC_WARN_UNUSED_FUNCTION = YES;
				GCC_WARN_UNUSED_VARIABLE = YES;
				LOCALIZATION_PREFERS_STRING_CATALOGS = YES;
				MTL_ENABLE_DEBUG_INFO = NO;
				MTL_FAST_MATH = YES;
				SWIFT_COMPILATION_MODE = wholemodule;
				SWIFT_EMIT_LOC_STRINGS = YES;
				SWIFT_VERSION = 6.0;
			};
			name = Release;
		};
		5B8765442D52539E00B4CC30 /* Debug */ = {
			isa = XCBuildConfiguration;
			buildSettings = {
				BUNDLE_LOADER = "$(TEST_HOST)";
				CODE_SIGN_STYLE = Automatic;
				CURRENT_PROJECT_VERSION = 1;
				DEAD_CODE_STRIPPING = YES;
				DEVELOPMENT_TEAM = 2SB5Z68H26;
				GENERATE_INFOPLIST_FILE = YES;
				IPHONEOS_DEPLOYMENT_TARGET = 17.0;
				MACOSX_DEPLOYMENT_TARGET = 15.2;
				MARKETING_VERSION = 1.0.0;
				PRODUCT_BUNDLE_IDENTIFIER = me.proton.AuthenticatorTests;
				PRODUCT_NAME = "$(TARGET_NAME)";
				SDKROOT = auto;
				SUPPORTED_PLATFORMS = "iphoneos iphonesimulator macosx xros xrsimulator";
				SWIFT_EMIT_LOC_STRINGS = NO;
				SWIFT_VERSION = 6.0;
				TARGETED_DEVICE_FAMILY = "1,2,7";
				TEST_HOST = "$(BUILT_PRODUCTS_DIR)/Authenticator.app/$(BUNDLE_EXECUTABLE_FOLDER_PATH)/Authenticator";
				XROS_DEPLOYMENT_TARGET = 2.2;
			};
			name = Debug;
		};
		5B8765452D52539E00B4CC30 /* Release */ = {
			isa = XCBuildConfiguration;
			buildSettings = {
				BUNDLE_LOADER = "$(TEST_HOST)";
				CODE_SIGN_STYLE = Automatic;
				CURRENT_PROJECT_VERSION = 1;
				DEAD_CODE_STRIPPING = YES;
				DEVELOPMENT_TEAM = 2SB5Z68H26;
				GENERATE_INFOPLIST_FILE = YES;
				IPHONEOS_DEPLOYMENT_TARGET = 17.0;
				MACOSX_DEPLOYMENT_TARGET = 15.2;
				MARKETING_VERSION = 1.0.0;
				PRODUCT_BUNDLE_IDENTIFIER = me.proton.AuthenticatorTests;
				PRODUCT_NAME = "$(TARGET_NAME)";
				SDKROOT = auto;
				SUPPORTED_PLATFORMS = "iphoneos iphonesimulator macosx xros xrsimulator";
				SWIFT_EMIT_LOC_STRINGS = NO;
				SWIFT_VERSION = 6.0;
				TARGETED_DEVICE_FAMILY = "1,2,7";
				TEST_HOST = "$(BUILT_PRODUCTS_DIR)/Authenticator.app/$(BUNDLE_EXECUTABLE_FOLDER_PATH)/Authenticator";
				XROS_DEPLOYMENT_TARGET = 2.2;
			};
			name = Release;
		};
		5B8765472D52539E00B4CC30 /* Debug */ = {
			isa = XCBuildConfiguration;
			buildSettings = {
				CODE_SIGN_STYLE = Automatic;
				CURRENT_PROJECT_VERSION = 1;
				DEAD_CODE_STRIPPING = YES;
				DEVELOPMENT_TEAM = 2SB5Z68H26;
				GENERATE_INFOPLIST_FILE = YES;
				IPHONEOS_DEPLOYMENT_TARGET = 17.0;
				MACOSX_DEPLOYMENT_TARGET = 15.2;
				MARKETING_VERSION = 1.0.0;
				PRODUCT_BUNDLE_IDENTIFIER = me.proton.AuthenticatorUITests;
				PRODUCT_NAME = "$(TARGET_NAME)";
				SDKROOT = auto;
				SUPPORTED_PLATFORMS = "iphoneos iphonesimulator macosx xros xrsimulator";
				SWIFT_EMIT_LOC_STRINGS = NO;
				SWIFT_VERSION = 6.0;
				TARGETED_DEVICE_FAMILY = "1,2,7";
				TEST_TARGET_NAME = Authenticator;
				XROS_DEPLOYMENT_TARGET = 2.2;
			};
			name = Debug;
		};
		5B8765482D52539E00B4CC30 /* Release */ = {
			isa = XCBuildConfiguration;
			buildSettings = {
				CODE_SIGN_STYLE = Automatic;
				CURRENT_PROJECT_VERSION = 1;
				DEAD_CODE_STRIPPING = YES;
				DEVELOPMENT_TEAM = 2SB5Z68H26;
				GENERATE_INFOPLIST_FILE = YES;
				IPHONEOS_DEPLOYMENT_TARGET = 17.0;
				MACOSX_DEPLOYMENT_TARGET = 15.2;
				MARKETING_VERSION = 1.0.0;
				PRODUCT_BUNDLE_IDENTIFIER = me.proton.AuthenticatorUITests;
				PRODUCT_NAME = "$(TARGET_NAME)";
				SDKROOT = auto;
				SUPPORTED_PLATFORMS = "iphoneos iphonesimulator macosx xros xrsimulator";
				SWIFT_EMIT_LOC_STRINGS = NO;
				SWIFT_VERSION = 6.0;
				TARGETED_DEVICE_FAMILY = "1,2,7";
				TEST_TARGET_NAME = Authenticator;
				XROS_DEPLOYMENT_TARGET = 2.2;
			};
			name = Release;
		};
		5BF510212E3261A30025E5D2 /* Debug */ = {
			isa = XCBuildConfiguration;
			buildSettings = {
				ASSETCATALOG_COMPILER_APPICON_NAME = AppIcon;
				ASSETCATALOG_COMPILER_GLOBAL_ACCENT_COLOR_NAME = AccentColor;
				ASSETCATALOG_COMPILER_INCLUDE_ALL_APPICON_ASSETS = NO;
				CODE_SIGN_STYLE = Automatic;
				CURRENT_PROJECT_VERSION = 1;
				DEVELOPMENT_TEAM = 2SB5Z68H26;
				ENABLE_PREVIEWS = YES;
				GENERATE_INFOPLIST_FILE = YES;
				INFOPLIST_KEY_CFBundleDisplayName = "Proton Authenticator";
				INFOPLIST_KEY_UISupportedInterfaceOrientations = "UIInterfaceOrientationPortrait UIInterfaceOrientationPortraitUpsideDown";
				INFOPLIST_KEY_WKCompanionAppBundleIdentifier = me.proton.authenticator;
				LD_RUNPATH_SEARCH_PATHS = (
					"$(inherited)",
					"@executable_path/Frameworks",
				);
				MARKETING_VERSION = 1.0.0;
				PRODUCT_BUNDLE_IDENTIFIER = me.proton.authenticator.watch;
				PRODUCT_NAME = "$(TARGET_NAME)";
				SDKROOT = watchos;
				SKIP_INSTALL = YES;
				SWIFT_EMIT_LOC_STRINGS = YES;
				SWIFT_VERSION = 6.0;
				TARGETED_DEVICE_FAMILY = 4;
				WATCHOS_DEPLOYMENT_TARGET = 11.0;
			};
			name = Debug;
		};
		5BF510222E3261A30025E5D2 /* Release */ = {
			isa = XCBuildConfiguration;
			buildSettings = {
				ASSETCATALOG_COMPILER_APPICON_NAME = AppIcon;
				ASSETCATALOG_COMPILER_GLOBAL_ACCENT_COLOR_NAME = AccentColor;
				ASSETCATALOG_COMPILER_INCLUDE_ALL_APPICON_ASSETS = NO;
				CODE_SIGN_IDENTITY = "Apple Development";
				"CODE_SIGN_IDENTITY[sdk=iphoneos*]" = "iPhone Distribution";
				"CODE_SIGN_IDENTITY[sdk=macosx*]" = "3rd Party Mac Developer Application";
				"CODE_SIGN_IDENTITY[sdk=watchos*]" = "iPhone Distribution";
				"CODE_SIGN_IDENTITY[sdk=xros*]" = "iPhone Distribution";
				CODE_SIGN_STYLE = Manual;
				CURRENT_PROJECT_VERSION = 1;
				DEVELOPMENT_TEAM = "";
				"DEVELOPMENT_TEAM[sdk=watchos*]" = 2SB5Z68H26;
				ENABLE_PREVIEWS = YES;
				GENERATE_INFOPLIST_FILE = YES;
				INFOPLIST_KEY_CFBundleDisplayName = "Proton Authenticator";
				INFOPLIST_KEY_UISupportedInterfaceOrientations = "UIInterfaceOrientationPortrait UIInterfaceOrientationPortraitUpsideDown";
				INFOPLIST_KEY_WKCompanionAppBundleIdentifier = me.proton.authenticator;
				LD_RUNPATH_SEARCH_PATHS = (
					"$(inherited)",
					"@executable_path/Frameworks",
				);
				MARKETING_VERSION = 1.0.0;
				PRODUCT_BUNDLE_IDENTIFIER = me.proton.authenticator.watch;
				PRODUCT_NAME = "$(TARGET_NAME)";
				PROVISIONING_PROFILE_SPECIFIER = "";
				"PROVISIONING_PROFILE_SPECIFIER[sdk=watchos*]" = "Proton Authenticator Watch Distribution";
				SDKROOT = watchos;
				SKIP_INSTALL = YES;
				SWIFT_EMIT_LOC_STRINGS = YES;
				SWIFT_VERSION = 6.0;
				TARGETED_DEVICE_FAMILY = 4;
				VALIDATE_PRODUCT = YES;
				WATCHOS_DEPLOYMENT_TARGET = 11.0;
			};
			name = Release;
		};
		5BF510232E3261A30025E5D2 /* Release-QA */ = {
			isa = XCBuildConfiguration;
			buildSettings = {
				ASSETCATALOG_COMPILER_APPICON_NAME = AppIcon;
				ASSETCATALOG_COMPILER_GLOBAL_ACCENT_COLOR_NAME = AccentColor;
				ASSETCATALOG_COMPILER_INCLUDE_ALL_APPICON_ASSETS = NO;
				CODE_SIGN_IDENTITY = "Apple Development";
				"CODE_SIGN_IDENTITY[sdk=iphoneos*]" = "iPhone Distribution";
				"CODE_SIGN_IDENTITY[sdk=macosx*]" = "3rd Party Mac Developer Application";
				"CODE_SIGN_IDENTITY[sdk=watchos*]" = "iPhone Distribution";
				"CODE_SIGN_IDENTITY[sdk=xros*]" = "iPhone Distribution";
				CODE_SIGN_STYLE = Manual;
				CURRENT_PROJECT_VERSION = 1;
				DEVELOPMENT_TEAM = "";
				"DEVELOPMENT_TEAM[sdk=watchos*]" = 2SB5Z68H26;
				ENABLE_PREVIEWS = YES;
				GENERATE_INFOPLIST_FILE = YES;
				INFOPLIST_KEY_CFBundleDisplayName = "Proton Authenticator";
				INFOPLIST_KEY_UISupportedInterfaceOrientations = "UIInterfaceOrientationPortrait UIInterfaceOrientationPortraitUpsideDown";
				INFOPLIST_KEY_WKCompanionAppBundleIdentifier = me.proton.authenticator;
				LD_RUNPATH_SEARCH_PATHS = (
					"$(inherited)",
					"@executable_path/Frameworks",
				);
				MARKETING_VERSION = 1.0.0;
				PRODUCT_BUNDLE_IDENTIFIER = me.proton.authenticator.watch;
				PRODUCT_NAME = "$(TARGET_NAME)";
				PROVISIONING_PROFILE_SPECIFIER = "";
				"PROVISIONING_PROFILE_SPECIFIER[sdk=watchos*]" = "Proton Authenticator Watch Distribution";
				SDKROOT = watchos;
				SKIP_INSTALL = YES;
				SWIFT_EMIT_LOC_STRINGS = YES;
				SWIFT_VERSION = 6.0;
				TARGETED_DEVICE_FAMILY = 4;
				VALIDATE_PRODUCT = YES;
				WATCHOS_DEPLOYMENT_TARGET = 11.0;
			};
			name = "Release-QA";
		};
		5BF510242E3261A30025E5D2 /* Debug */ = {
			isa = XCBuildConfiguration;
			buildSettings = {
				BUNDLE_LOADER = "$(TEST_HOST)";
				CODE_SIGN_STYLE = Automatic;
				CURRENT_PROJECT_VERSION = 1;
				DEVELOPMENT_TEAM = 2SB5Z68H26;
				GENERATE_INFOPLIST_FILE = YES;
				MARKETING_VERSION = 1.0;
				PRODUCT_BUNDLE_IDENTIFIER = "me.proton.authenticator.WatchAuthenticator-Watch-AppTests";
				PRODUCT_NAME = "$(TARGET_NAME)";
				SDKROOT = watchos;
				SWIFT_EMIT_LOC_STRINGS = NO;
				SWIFT_VERSION = 5.0;
				TARGETED_DEVICE_FAMILY = 4;
				TEST_HOST = "$(BUILT_PRODUCTS_DIR)/WatchAuthenticator Watch App.app/$(BUNDLE_EXECUTABLE_FOLDER_PATH)/WatchAuthenticator Watch App";
				WATCHOS_DEPLOYMENT_TARGET = 11.5;
			};
			name = Debug;
		};
		5BF510252E3261A30025E5D2 /* Release */ = {
			isa = XCBuildConfiguration;
			buildSettings = {
				BUNDLE_LOADER = "$(TEST_HOST)";
				CODE_SIGN_STYLE = Automatic;
				CURRENT_PROJECT_VERSION = 1;
				DEVELOPMENT_TEAM = 2SB5Z68H26;
				GENERATE_INFOPLIST_FILE = YES;
				MARKETING_VERSION = 1.0;
				PRODUCT_BUNDLE_IDENTIFIER = "me.proton.authenticator.WatchAuthenticator-Watch-AppTests";
				PRODUCT_NAME = "$(TARGET_NAME)";
				SDKROOT = watchos;
				SWIFT_EMIT_LOC_STRINGS = NO;
				SWIFT_VERSION = 5.0;
				TARGETED_DEVICE_FAMILY = 4;
				TEST_HOST = "$(BUILT_PRODUCTS_DIR)/WatchAuthenticator Watch App.app/$(BUNDLE_EXECUTABLE_FOLDER_PATH)/WatchAuthenticator Watch App";
				VALIDATE_PRODUCT = YES;
				WATCHOS_DEPLOYMENT_TARGET = 11.5;
			};
			name = Release;
		};
		5BF510262E3261A30025E5D2 /* Release-QA */ = {
			isa = XCBuildConfiguration;
			buildSettings = {
				BUNDLE_LOADER = "$(TEST_HOST)";
				CODE_SIGN_STYLE = Automatic;
				CURRENT_PROJECT_VERSION = 1;
				DEVELOPMENT_TEAM = 2SB5Z68H26;
				GENERATE_INFOPLIST_FILE = YES;
				MARKETING_VERSION = 1.0;
				PRODUCT_BUNDLE_IDENTIFIER = "me.proton.authenticator.WatchAuthenticator-Watch-AppTests";
				PRODUCT_NAME = "$(TARGET_NAME)";
				SDKROOT = watchos;
				SWIFT_EMIT_LOC_STRINGS = NO;
				SWIFT_VERSION = 5.0;
				TARGETED_DEVICE_FAMILY = 4;
				TEST_HOST = "$(BUILT_PRODUCTS_DIR)/WatchAuthenticator Watch App.app/$(BUNDLE_EXECUTABLE_FOLDER_PATH)/WatchAuthenticator Watch App";
				VALIDATE_PRODUCT = YES;
				WATCHOS_DEPLOYMENT_TARGET = 11.5;
			};
			name = "Release-QA";
		};
		5BF510272E3261A30025E5D2 /* Debug */ = {
			isa = XCBuildConfiguration;
			buildSettings = {
				CODE_SIGN_STYLE = Automatic;
				CURRENT_PROJECT_VERSION = 1;
				DEVELOPMENT_TEAM = 2SB5Z68H26;
				GENERATE_INFOPLIST_FILE = YES;
				MARKETING_VERSION = 1.0;
				PRODUCT_BUNDLE_IDENTIFIER = "me.proton.authenticator.WatchAuthenticator-Watch-AppUITests";
				PRODUCT_NAME = "$(TARGET_NAME)";
				SDKROOT = watchos;
				SWIFT_EMIT_LOC_STRINGS = NO;
				SWIFT_VERSION = 5.0;
				TARGETED_DEVICE_FAMILY = 4;
				TEST_TARGET_NAME = "WatchAuthenticator Watch App";
				WATCHOS_DEPLOYMENT_TARGET = 11.5;
			};
			name = Debug;
		};
		5BF510282E3261A30025E5D2 /* Release */ = {
			isa = XCBuildConfiguration;
			buildSettings = {
				CODE_SIGN_STYLE = Automatic;
				CURRENT_PROJECT_VERSION = 1;
				DEVELOPMENT_TEAM = 2SB5Z68H26;
				GENERATE_INFOPLIST_FILE = YES;
				MARKETING_VERSION = 1.0;
				PRODUCT_BUNDLE_IDENTIFIER = "me.proton.authenticator.WatchAuthenticator-Watch-AppUITests";
				PRODUCT_NAME = "$(TARGET_NAME)";
				SDKROOT = watchos;
				SWIFT_EMIT_LOC_STRINGS = NO;
				SWIFT_VERSION = 5.0;
				TARGETED_DEVICE_FAMILY = 4;
				TEST_TARGET_NAME = "WatchAuthenticator Watch App";
				VALIDATE_PRODUCT = YES;
				WATCHOS_DEPLOYMENT_TARGET = 11.5;
			};
			name = Release;
		};
		5BF510292E3261A30025E5D2 /* Release-QA */ = {
			isa = XCBuildConfiguration;
			buildSettings = {
				CODE_SIGN_STYLE = Automatic;
				CURRENT_PROJECT_VERSION = 1;
				DEVELOPMENT_TEAM = 2SB5Z68H26;
				GENERATE_INFOPLIST_FILE = YES;
				MARKETING_VERSION = 1.0;
				PRODUCT_BUNDLE_IDENTIFIER = "me.proton.authenticator.WatchAuthenticator-Watch-AppUITests";
				PRODUCT_NAME = "$(TARGET_NAME)";
				SDKROOT = watchos;
				SWIFT_EMIT_LOC_STRINGS = NO;
				SWIFT_VERSION = 5.0;
				TARGETED_DEVICE_FAMILY = 4;
				TEST_TARGET_NAME = "WatchAuthenticator Watch App";
				VALIDATE_PRODUCT = YES;
				WATCHOS_DEPLOYMENT_TARGET = 11.5;
			};
			name = "Release-QA";
		};
/* End XCBuildConfiguration section */

/* Begin XCConfigurationList section */
		5B5E0D6A2D5A38DD00E7BCD4 /* Build configuration list for PBXNativeTarget "Autofill" */ = {
			isa = XCConfigurationList;
			buildConfigurations = (
				5B5E0D6B2D5A38DD00E7BCD4 /* Debug */,
				5B5E0D6C2D5A38DD00E7BCD4 /* Release */,
				5B5E0D6D2D5A38DD00E7BCD4 /* Release-QA */,
			);
			defaultConfigurationIsVisible = 0;
			defaultConfigurationName = Release;
		};
		5B8765122D52539D00B4CC30 /* Build configuration list for PBXProject "Authenticator" */ = {
			isa = XCConfigurationList;
			buildConfigurations = (
				5B8765412D52539E00B4CC30 /* Debug */,
				5B8765422D52539E00B4CC30 /* Release */,
				5B5E0D432D5A2CBF00E7BCD4 /* Release-QA */,
			);
			defaultConfigurationIsVisible = 0;
			defaultConfigurationName = Release;
		};
		5B87653E2D52539E00B4CC30 /* Build configuration list for PBXNativeTarget "Authenticator" */ = {
			isa = XCConfigurationList;
			buildConfigurations = (
				5B87653F2D52539E00B4CC30 /* Debug */,
				5B8765402D52539E00B4CC30 /* Release */,
				5B5E0D442D5A2CBF00E7BCD4 /* Release-QA */,
			);
			defaultConfigurationIsVisible = 0;
			defaultConfigurationName = Release;
		};
		5B8765432D52539E00B4CC30 /* Build configuration list for PBXNativeTarget "AuthenticatorTests" */ = {
			isa = XCConfigurationList;
			buildConfigurations = (
				5B8765442D52539E00B4CC30 /* Debug */,
				5B8765452D52539E00B4CC30 /* Release */,
				5B5E0D452D5A2CBF00E7BCD4 /* Release-QA */,
			);
			defaultConfigurationIsVisible = 0;
			defaultConfigurationName = Release;
		};
		5B8765462D52539E00B4CC30 /* Build configuration list for PBXNativeTarget "AuthenticatorUITests" */ = {
			isa = XCConfigurationList;
			buildConfigurations = (
				5B8765472D52539E00B4CC30 /* Debug */,
				5B8765482D52539E00B4CC30 /* Release */,
				5B5E0D462D5A2CBF00E7BCD4 /* Release-QA */,
			);
			defaultConfigurationIsVisible = 0;
			defaultConfigurationName = Release;
		};
		5BF5102A2E3261A30025E5D2 /* Build configuration list for PBXNativeTarget "WatchAuthenticator Watch App" */ = {
			isa = XCConfigurationList;
			buildConfigurations = (
				5BF510212E3261A30025E5D2 /* Debug */,
				5BF510222E3261A30025E5D2 /* Release */,
				5BF510232E3261A30025E5D2 /* Release-QA */,
			);
			defaultConfigurationIsVisible = 0;
			defaultConfigurationName = Release;
		};
		5BF5102B2E3261A30025E5D2 /* Build configuration list for PBXNativeTarget "WatchAuthenticator Watch AppTests" */ = {
			isa = XCConfigurationList;
			buildConfigurations = (
				5BF510242E3261A30025E5D2 /* Debug */,
				5BF510252E3261A30025E5D2 /* Release */,
				5BF510262E3261A30025E5D2 /* Release-QA */,
			);
			defaultConfigurationIsVisible = 0;
			defaultConfigurationName = Release;
		};
		5BF5102C2E3261A30025E5D2 /* Build configuration list for PBXNativeTarget "WatchAuthenticator Watch AppUITests" */ = {
			isa = XCConfigurationList;
			buildConfigurations = (
				5BF510272E3261A30025E5D2 /* Debug */,
				5BF510282E3261A30025E5D2 /* Release */,
				5BF510292E3261A30025E5D2 /* Release-QA */,
			);
			defaultConfigurationIsVisible = 0;
			defaultConfigurationName = Release;
		};
/* End XCConfigurationList section */

/* Begin XCRemoteSwiftPackageReference section */
		5B387F7A2D54CFD1006E0312 /* XCRemoteSwiftPackageReference "Factory" */ = {
			isa = XCRemoteSwiftPackageReference;
			repositoryURL = "https://github.com/hmlongco/Factory";
			requirement = {
				kind = exactVersion;
				version = 2.5.3;
			};
		};
		5B5E0D532D5A332D00E7BCD4 /* XCRemoteSwiftPackageReference "sentry-cocoa" */ = {
			isa = XCRemoteSwiftPackageReference;
			repositoryURL = "https://github.com/getsentry/sentry-cocoa.git";
			requirement = {
				kind = upToNextMajorVersion;
				minimumVersion = 8.44.0;
			};
		};
		5B9AD6392E37C096000FC006 /* XCRemoteSwiftPackageReference "KeychainAccess" */ = {
			isa = XCRemoteSwiftPackageReference;
			repositoryURL = "https://github.com/kishikawakatsumi/KeychainAccess";
			requirement = {
				kind = exactVersion;
				version = 4.2.2;
			};
		};
		5BF512592E337FF50025E5D2 /* XCRemoteSwiftPackageReference "OneTimePassword" */ = {
			isa = XCRemoteSwiftPackageReference;
			repositoryURL = "https://github.com/lukacs-m/OneTimePassword";
			requirement = {
				branch = develop;
				kind = branch;
			};
		};
		5BF5125C2E33801D0025E5D2 /* XCRemoteSwiftPackageReference "SimplyPersist" */ = {
			isa = XCRemoteSwiftPackageReference;
			repositoryURL = "https://github.com/lukacs-m/SimplyPersist";
			requirement = {
				kind = upToNextMajorVersion;
				minimumVersion = 0.1.3;
			};
		};
		5BF5125F2E3380540025E5D2 /* XCRemoteSwiftPackageReference "SimpleToast" */ = {
			isa = XCRemoteSwiftPackageReference;
			repositoryURL = "https://github.com/lukacs-m/SimpleToast";
			requirement = {
				kind = upToNextMajorVersion;
				minimumVersion = 0.1.6;
			};
		};
/* End XCRemoteSwiftPackageReference section */

/* Begin XCSwiftPackageProductDependency section */
		5B5E0C982D5618E500E7BCD4 /* Macro */ = {
			isa = XCSwiftPackageProductDependency;
			productName = Macro;
		};
		5B5E0C9B2D5618FC00E7BCD4 /* AuthenticatorRustCore */ = {
			isa = XCSwiftPackageProductDependency;
			productName = AuthenticatorRustCore;
		};
		5B5E0D542D5A332D00E7BCD4 /* Sentry */ = {
			isa = XCSwiftPackageProductDependency;
			package = 5B5E0D532D5A332D00E7BCD4 /* XCRemoteSwiftPackageReference "sentry-cocoa" */;
			productName = Sentry;
		};
		5B5E0D562D5A332D00E7BCD4 /* SentrySwiftUI */ = {
			isa = XCSwiftPackageProductDependency;
			package = 5B5E0D532D5A332D00E7BCD4 /* XCRemoteSwiftPackageReference "sentry-cocoa" */;
			productName = SentrySwiftUI;
		};
		5B5E0F792D6F6D5A00E7BCD4 /* CommonUtilities */ = {
			isa = XCSwiftPackageProductDependency;
			productName = CommonUtilities;
		};
		5B710DDF2DE9DEEA00389C0B /* FactoryKit */ = {
			isa = XCSwiftPackageProductDependency;
			package = 5B387F7A2D54CFD1006E0312 /* XCRemoteSwiftPackageReference "Factory" */;
			productName = FactoryKit;
		};
		5B87656F2D527F9C00B4CC30 /* DataLayer */ = {
			isa = XCSwiftPackageProductDependency;
			productName = DataLayer;
		};
		5B8765712D527F9C00B4CC30 /* DomainLayer */ = {
			isa = XCSwiftPackageProductDependency;
			productName = DomainLayer;
		};
		5B8765732D527F9C00B4CC30 /* Models */ = {
			isa = XCSwiftPackageProductDependency;
			productName = Models;
		};
		5B8765752D527F9C00B4CC30 /* PresentationLayer */ = {
			isa = XCSwiftPackageProductDependency;
			productName = PresentationLayer;
		};
		5B9AD5CF2E358A9C000FC006 /* Macro */ = {
			isa = XCSwiftPackageProductDependency;
			productName = Macro;
		};
		5B9AD63A2E37C096000FC006 /* KeychainAccess */ = {
			isa = XCSwiftPackageProductDependency;
			package = 5B9AD6392E37C096000FC006 /* XCRemoteSwiftPackageReference "KeychainAccess" */;
			productName = KeychainAccess;
		};
		5BF510352E3275810025E5D2 /* FactoryKit */ = {
			isa = XCSwiftPackageProductDependency;
			package = 5B387F7A2D54CFD1006E0312 /* XCRemoteSwiftPackageReference "Factory" */;
			productName = FactoryKit;
		};
		5BF510372E32758C0025E5D2 /* Models */ = {
			isa = XCSwiftPackageProductDependency;
			productName = Models;
		};
		5BF511BD2E337D0C0025E5D2 /* CommonUtilities */ = {
			isa = XCSwiftPackageProductDependency;
			productName = CommonUtilities;
		};
		5BF5125A2E337FF50025E5D2 /* OneTimePassword */ = {
			isa = XCSwiftPackageProductDependency;
			package = 5BF512592E337FF50025E5D2 /* XCRemoteSwiftPackageReference "OneTimePassword" */;
			productName = OneTimePassword;
		};
		5BF5125D2E33801D0025E5D2 /* SimplyPersist */ = {
			isa = XCSwiftPackageProductDependency;
			package = 5BF5125C2E33801D0025E5D2 /* XCRemoteSwiftPackageReference "SimplyPersist" */;
			productName = SimplyPersist;
		};
		5BF512602E3380540025E5D2 /* SimpleToast */ = {
			isa = XCSwiftPackageProductDependency;
			package = 5BF5125F2E3380540025E5D2 /* XCRemoteSwiftPackageReference "SimpleToast" */;
			productName = SimpleToast;
		};
/* End XCSwiftPackageProductDependency section */
	};
	rootObject = 5B87650F2D52539D00B4CC30 /* Project object */;
}
